// !$*UTF8*$!
{
	archiveVersion = 1;
	classes = {
	};
	objectVersion = 77;
	objects = {

/* Begin PBXBuildFile section */
		006F75132F547CA800D581A9 /* FirebaseAuth in Frameworks */ = {isa = PBXBuildFile; productRef = 006F75122F547CA800D581A9 /* FirebaseAuth */; };
		006F75152F547CA800D581A9 /* FirebaseFirestore in Frameworks */ = {isa = PBXBuildFile; productRef = 006F75142F547CA800D581A9 /* FirebaseFirestore */; };
		006F75292F547D2200D581A9 /* LaunchScreen.storyboard in Resources */ = {isa = PBXBuildFile; fileRef = 006F75202F547D2200D581A9 /* LaunchScreen.storyboard */; };
		006F752A2F547D2200D581A9 /* Main.storyboard in Resources */ = {isa = PBXBuildFile; fileRef = 006F75222F547D2200D581A9 /* Main.storyboard */; };
		006F752B2F547D2200D581A9 /* GoogleService-Info.plist in Resources */ = {isa = PBXBuildFile; fileRef = 006F751D2F547D2200D581A9 /* GoogleService-Info.plist */; };
		006F752D2F547D2200D581A9 /* Assets.xcassets in Resources */ = {isa = PBXBuildFile; fileRef = 006F75172F547D2200D581A9 /* Assets.xcassets */; };
		006F752E2F547D2200D581A9 /* CreateAccountView.swift in Sources */ = {isa = PBXBuildFile; fileRef = 006F75192F547D2200D581A9 /* CreateAccountView.swift */; };
		006F752F2F547D2200D581A9 /* RootView.swift in Sources */ = {isa = PBXBuildFile; fileRef = 006F75232F547D2200D581A9 /* RootView.swift */; };
		006F75302F547D2200D581A9 /* AppDelegate.swift in Sources */ = {isa = PBXBuildFile; fileRef = 006F75162F547D2200D581A9 /* AppDelegate.swift */; };
		006F75312F547D2200D581A9 /* DesignSystem.swift in Sources */ = {isa = PBXBuildFile; fileRef = 006F751A2F547D2200D581A9 /* DesignSystem.swift */; };
		006F75322F547D2200D581A9 /* ForgotPasswordView.swift in Sources */ = {isa = PBXBuildFile; fileRef = 006F751C2F547D2200D581A9 /* ForgotPasswordView.swift */; };
		006F75332F547D2200D581A9 /* ViewController.swift in Sources */ = {isa = PBXBuildFile; fileRef = 006F75272F547D2200D581A9 /* ViewController.swift */; };
		006F75342F547D2200D581A9 /* DictateViewController.swift in Sources */ = {isa = PBXBuildFile; fileRef = 006F751B2F547D2200D581A9 /* DictateViewController.swift */; };
		006F75352F547D2200D581A9 /* SignInView.swift in Sources */ = {isa = PBXBuildFile; fileRef = 006F75252F547D2200D581A9 /* SignInView.swift */; };
		006F75362F547D2200D581A9 /* SceneDelegate.swift in Sources */ = {isa = PBXBuildFile; fileRef = 006F75242F547D2200D581A9 /* SceneDelegate.swift */; };
		006F75372F547D2200D581A9 /* AuthManager.swift in Sources */ = {isa = PBXBuildFile; fileRef = 006F75182F547D2200D581A9 /* AuthManager.swift */; };
		006F754C2F547D4A00D581A9 /* LaunchScreen.storyboard in Resources */ = {isa = PBXBuildFile; fileRef = 006F75422F547D4A00D581A9 /* LaunchScreen.storyboard */; };
		006F754D2F547D4A00D581A9 /* Main.storyboard in Resources */ = {isa = PBXBuildFile; fileRef = 006F75442F547D4A00D581A9 /* Main.storyboard */; };
		006F754E2F547D4A00D581A9 /* GoogleService-Info.plist in Resources */ = {isa = PBXBuildFile; fileRef = 006F753F2F547D4A00D581A9 /* GoogleService-Info.plist */; };
		006F754F2F547D4A00D581A9 /* Assets.xcassets in Resources */ = {isa = PBXBuildFile; fileRef = 006F75392F547D4A00D581A9 /* Assets.xcassets */; };
		006F75502F547D4A00D581A9 /* DictateViewController.swift in Sources */ = {isa = PBXBuildFile; fileRef = 006F753D2F547D4A00D581A9 /* DictateViewController.swift */; };
		006F75512F547D4A00D581A9 /* SceneDelegate.swift in Sources */ = {isa = PBXBuildFile; fileRef = 006F75462F547D4A00D581A9 /* SceneDelegate.swift */; };
		006F75522F547D4A00D581A9 /* ViewController.swift in Sources */ = {isa = PBXBuildFile; fileRef = 006F75492F547D4A00D581A9 /* ViewController.swift */; };
		006F75532F547D4A00D581A9 /* DesignSystem.swift in Sources */ = {isa = PBXBuildFile; fileRef = 006F753C2F547D4A00D581A9 /* DesignSystem.swift */; };
		006F75542F547D4A00D581A9 /* ForgotPasswordView.swift in Sources */ = {isa = PBXBuildFile; fileRef = 006F753E2F547D4A00D581A9 /* ForgotPasswordView.swift */; };
		006F75552F547D4A00D581A9 /* SignInView.swift in Sources */ = {isa = PBXBuildFile; fileRef = 006F75472F547D4A00D581A9 /* SignInView.swift */; };
		006F75562F547D4A00D581A9 /* AppDelegate.swift in Sources */ = {isa = PBXBuildFile; fileRef = 006F75382F547D4A00D581A9 /* AppDelegate.swift */; };
		006F75572F547D4A00D581A9 /* RootView.swift in Sources */ = {isa = PBXBuildFile; fileRef = 006F75452F547D4A00D581A9 /* RootView.swift */; };
		006F75582F547D4A00D581A9 /* AuthManager.swift in Sources */ = {isa = PBXBuildFile; fileRef = 006F753A2F547D4A00D581A9 /* AuthManager.swift */; };
		006F75592F547D4A00D581A9 /* CreateAccountView.swift in Sources */ = {isa = PBXBuildFile; fileRef = 006F753B2F547D4A00D581A9 /* CreateAccountView.swift */; };
		006F756D2F547D5B00D581A9 /* GoogleService-Info.plist in Resources */ = {isa = PBXBuildFile; fileRef = 006F75612F547D5B00D581A9 /* GoogleService-Info.plist */; };
		006F756E2F547D5B00D581A9 /* LaunchScreen.storyboard in Resources */ = {isa = PBXBuildFile; fileRef = 006F75642F547D5B00D581A9 /* LaunchScreen.storyboard */; };
		006F756F2F547D5B00D581A9 /* Main.storyboard in Resources */ = {isa = PBXBuildFile; fileRef = 006F75662F547D5B00D581A9 /* Main.storyboard */; };
		006F75712F547D5B00D581A9 /* Assets.xcassets in Resources */ = {isa = PBXBuildFile; fileRef = 006F755B2F547D5B00D581A9 /* Assets.xcassets */; };
		006F75722F547D5B00D581A9 /* SignInView.swift in Sources */ = {isa = PBXBuildFile; fileRef = 006F75692F547D5B00D581A9 /* SignInView.swift */; };
		006F75732F547D5B00D581A9 /* SceneDelegate.swift in Sources */ = {isa = PBXBuildFile; fileRef = 006F75682F547D5B00D581A9 /* SceneDelegate.swift */; };
		006F75742F547D5B00D581A9 /* ForgotPasswordView.swift in Sources */ = {isa = PBXBuildFile; fileRef = 006F75602F547D5B00D581A9 /* ForgotPasswordView.swift */; };
		006F75752F547D5B00D581A9 /* AppDelegate.swift in Sources */ = {isa = PBXBuildFile; fileRef = 006F755A2F547D5B00D581A9 /* AppDelegate.swift */; };
		006F75762F547D5B00D581A9 /* DictateViewController.swift in Sources */ = {isa = PBXBuildFile; fileRef = 006F755F2F547D5B00D581A9 /* DictateViewController.swift */; };
		006F75772F547D5B00D581A9 /* CreateAccountView.swift in Sources */ = {isa = PBXBuildFile; fileRef = 006F755D2F547D5B00D581A9 /* CreateAccountView.swift */; };
		006F75782F547D5B00D581A9 /* RootView.swift in Sources */ = {isa = PBXBuildFile; fileRef = 006F75672F547D5B00D581A9 /* RootView.swift */; };
		006F75792F547D5B00D581A9 /* AuthManager.swift in Sources */ = {isa = PBXBuildFile; fileRef = 006F755C2F547D5B00D581A9 /* AuthManager.swift */; };
		006F757A2F547D5B00D581A9 /* ViewController.swift in Sources */ = {isa = PBXBuildFile; fileRef = 006F756B2F547D5B00D581A9 /* ViewController.swift */; };
		006F757B2F547D5B00D581A9 /* DesignSystem.swift in Sources */ = {isa = PBXBuildFile; fileRef = 006F755E2F547D5B00D581A9 /* DesignSystem.swift */; };
		006F758F2F547D7300D581A9 /* GoogleService-Info.plist in Resources */ = {isa = PBXBuildFile; fileRef = 006F75832F547D7300D581A9 /* GoogleService-Info.plist */; };
		006F75902F547D7300D581A9 /* Main.storyboard in Resources */ = {isa = PBXBuildFile; fileRef = 006F75882F547D7300D581A9 /* Main.storyboard */; };
		006F75912F547D7300D581A9 /* Assets.xcassets in Resources */ = {isa = PBXBuildFile; fileRef = 006F757D2F547D7300D581A9 /* Assets.xcassets */; };
		006F75932F547D7300D581A9 /* LaunchScreen.storyboard in Resources */ = {isa = PBXBuildFile; fileRef = 006F75862F547D7300D581A9 /* LaunchScreen.storyboard */; };
		006F75942F547D7300D581A9 /* DesignSystem.swift in Sources */ = {isa = PBXBuildFile; fileRef = 006F75802F547D7300D581A9 /* DesignSystem.swift */; };
		006F75952F547D7300D581A9 /* SignInView.swift in Sources */ = {isa = PBXBuildFile; fileRef = 006F758B2F547D7300D581A9 /* SignInView.swift */; };
		006F75962F547D7300D581A9 /* AppDelegate.swift in Sources */ = {isa = PBXBuildFile; fileRef = 006F757C2F547D7300D581A9 /* AppDelegate.swift */; };
		006F75972F547D7300D581A9 /* ViewController.swift in Sources */ = {isa = PBXBuildFile; fileRef = 006F758D2F547D7300D581A9 /* ViewController.swift */; };
		006F75982F547D7300D581A9 /* AuthManager.swift in Sources */ = {isa = PBXBuildFile; fileRef = 006F757E2F547D7300D581A9 /* AuthManager.swift */; };
		006F75992F547D7300D581A9 /* ForgotPasswordView.swift in Sources */ = {isa = PBXBuildFile; fileRef = 006F75822F547D7300D581A9 /* ForgotPasswordView.swift */; };
		006F759A2F547D7300D581A9 /* DictateViewController.swift in Sources */ = {isa = PBXBuildFile; fileRef = 006F75812F547D7300D581A9 /* DictateViewController.swift */; };
		006F759B2F547D7300D581A9 /* CreateAccountView.swift in Sources */ = {isa = PBXBuildFile; fileRef = 006F757F2F547D7300D581A9 /* CreateAccountView.swift */; };
		006F759C2F547D7300D581A9 /* RootView.swift in Sources */ = {isa = PBXBuildFile; fileRef = 006F75892F547D7300D581A9 /* RootView.swift */; };
		006F759D2F547D7300D581A9 /* SceneDelegate.swift in Sources */ = {isa = PBXBuildFile; fileRef = 006F758A2F547D7300D581A9 /* SceneDelegate.swift */; };
		006F75B12F547D8800D581A9 /* GoogleService-Info.plist in Resources */ = {isa = PBXBuildFile; fileRef = 006F75A52F547D8800D581A9 /* GoogleService-Info.plist */; };
		006F75B32F547D8800D581A9 /* Assets.xcassets in Resources */ = {isa = PBXBuildFile; fileRef = 006F759F2F547D8800D581A9 /* Assets.xcassets */; };
		006F75B42F547D8800D581A9 /* LaunchScreen.storyboard in Resources */ = {isa = PBXBuildFile; fileRef = 006F75A82F547D8800D581A9 /* LaunchScreen.storyboard */; };
		006F75B52F547D8800D581A9 /* Main.storyboard in Resources */ = {isa = PBXBuildFile; fileRef = 006F75AA2F547D8800D581A9 /* Main.storyboard */; };
		006F75B62F547D8800D581A9 /* ViewController.swift in Sources */ = {isa = PBXBuildFile; fileRef = 006F75AF2F547D8800D581A9 /* ViewController.swift */; };
		006F75B72F547D8800D581A9 /* CreateAccountView.swift in Sources */ = {isa = PBXBuildFile; fileRef = 006F75A12F547D8800D581A9 /* CreateAccountView.swift */; };
		006F75B82F547D8800D581A9 /* AppDelegate.swift in Sources */ = {isa = PBXBuildFile; fileRef = 006F759E2F547D8800D581A9 /* AppDelegate.swift */; };
		006F75B92F547D8800D581A9 /* RootView.swift in Sources */ = {isa = PBXBuildFile; fileRef = 006F75AB2F547D8800D581A9 /* RootView.swift */; };
		006F75BA2F547D8800D581A9 /* DictateViewController.swift in Sources */ = {isa = PBXBuildFile; fileRef = 006F75A32F547D8800D581A9 /* DictateViewController.swift */; };
		006F75BB2F547D8800D581A9 /* AuthManager.swift in Sources */ = {isa = PBXBuildFile; fileRef = 006F75A02F547D8800D581A9 /* AuthManager.swift */; };
		006F75BC2F547D8800D581A9 /* ForgotPasswordView.swift in Sources */ = {isa = PBXBuildFile; fileRef = 006F75A42F547D8800D581A9 /* ForgotPasswordView.swift */; };
		006F75BD2F547D8800D581A9 /* SignInView.swift in Sources */ = {isa = PBXBuildFile; fileRef = 006F75AD2F547D8800D581A9 /* SignInView.swift */; };
		006F75BE2F547D8800D581A9 /* DesignSystem.swift in Sources */ = {isa = PBXBuildFile; fileRef = 006F75A22F547D8800D581A9 /* DesignSystem.swift */; };
		006F75BF2F547D8800D581A9 /* SceneDelegate.swift in Sources */ = {isa = PBXBuildFile; fileRef = 006F75AC2F547D8800D581A9 /* SceneDelegate.swift */; };
		006F75D32F547D9C00D581A9 /* LaunchScreen.storyboard in Resources */ = {isa = PBXBuildFile; fileRef = 006F75CA2F547D9C00D581A9 /* LaunchScreen.storyboard */; };
		006F75D42F547D9C00D581A9 /* Main.storyboard in Resources */ = {isa = PBXBuildFile; fileRef = 006F75CC2F547D9C00D581A9 /* Main.storyboard */; };
		006F75D52F547D9C00D581A9 /* Assets.xcassets in Resources */ = {isa = PBXBuildFile; fileRef = 006F75C12F547D9C00D581A9 /* Assets.xcassets */; };
		006F75D62F547D9C00D581A9 /* GoogleService-Info.plist in Resources */ = {isa = PBXBuildFile; fileRef = 006F75C72F547D9C00D581A9 /* GoogleService-Info.plist */; };
		006F75D82F547D9C00D581A9 /* DictateViewController.swift in Sources */ = {isa = PBXBuildFile; fileRef = 006F75C52F547D9C00D581A9 /* DictateViewController.swift */; };
		006F75D92F547D9C00D581A9 /* ForgotPasswordView.swift in Sources */ = {isa = PBXBuildFile; fileRef = 006F75C62F547D9C00D581A9 /* ForgotPasswordView.swift */; };
		006F75DA2F547D9C00D581A9 /* RootView.swift in Sources */ = {isa = PBXBuildFile; fileRef = 006F75CD2F547D9C00D581A9 /* RootView.swift */; };
		006F75DB2F547D9C00D581A9 /* DesignSystem.swift in Sources */ = {isa = PBXBuildFile; fileRef = 006F75C42F547D9C00D581A9 /* DesignSystem.swift */; };
		006F75DC2F547D9C00D581A9 /* AppDelegate.swift in Sources */ = {isa = PBXBuildFile; fileRef = 006F75C02F547D9C00D581A9 /* AppDelegate.swift */; };
		006F75DD2F547D9C00D581A9 /* AuthManager.swift in Sources */ = {isa = PBXBuildFile; fileRef = 006F75C22F547D9C00D581A9 /* AuthManager.swift */; };
		006F75DE2F547D9C00D581A9 /* SignInView.swift in Sources */ = {isa = PBXBuildFile; fileRef = 006F75CF2F547D9C00D581A9 /* SignInView.swift */; };
		006F75DF2F547D9C00D581A9 /* ViewController.swift in Sources */ = {isa = PBXBuildFile; fileRef = 006F75D12F547D9C00D581A9 /* ViewController.swift */; };
		006F75E02F547D9C00D581A9 /* SceneDelegate.swift in Sources */ = {isa = PBXBuildFile; fileRef = 006F75CE2F547D9C00D581A9 /* SceneDelegate.swift */; };
		006F75E12F547D9C00D581A9 /* CreateAccountView.swift in Sources */ = {isa = PBXBuildFile; fileRef = 006F75C32F547D9C00D581A9 /* CreateAccountView.swift */; };
		006F75ED2F547E3500D581A9 /* TranslateHelperKeyboard.appex in Embed Foundation Extensions */ = {isa = PBXBuildFile; fileRef = 006F75E62F547E3500D581A9 /* TranslateHelperKeyboard.appex */; settings = {ATTRIBUTES = (RemoveHeadersOnCopy, ); }; };
		006F769E2F54C7FA00D581A9 /* GoogleSignIn in Frameworks */ = {isa = PBXBuildFile; productRef = 006F769D2F54C7FA00D581A9 /* GoogleSignIn */; };
		0851017EA7D569DB7B793183 /* StudySourceWordView.swift in Sources */ = {isa = PBXBuildFile; fileRef = 6B7DDD7DACC2B26628632458 /* StudySourceWordView.swift */; };
		0A536490DFE056A5AA52FE9C /* CityModel.swift in Sources */ = {isa = PBXBuildFile; fileRef = 93834FA2F33A8EBFE4B053E5 /* CityModel.swift */; };
		0E128240CECCCB88C69D578E /* TTSService.swift in Sources */ = {isa = PBXBuildFile; fileRef = F10B7D83A76412AF0CE97BB3 /* TTSService.swift */; };
		32748F58ACC1D068146338FF /* StudyRevealedCardView.swift in Sources */ = {isa = PBXBuildFile; fileRef = F7BCC4D19FBB7CCB35DEFB36 /* StudyRevealedCardView.swift */; };
		373143C18345D2C26681476B /* StudyOptionsCard.swift in Sources */ = {isa = PBXBuildFile; fileRef = 701E42686590C2360A8BDE9E /* StudyOptionsCard.swift */; };
		3FDE143AC4601CE3AC8B15E2 /* SharedPhraseStore.swift in Sources */ = {isa = PBXBuildFile; fileRef = 2111A26039606CBFB2DC5F96 /* SharedPhraseStore.swift */; };
		5C4EF48D41050AF96AE488B1 /* UserLocationsStore.swift in Sources */ = {isa = PBXBuildFile; fileRef = B06F69CBF0E7D5F064F666BC /* UserLocationsStore.swift */; };
		5E42D4212BC7916E47FD047B /* Config.swift in Sources */ = {isa = PBXBuildFile; fileRef = 70676833227F3272CB102236 /* Config.swift */; };
		6252250843EA34A8DDFDE489 /* OnboardingPlanView.swift in Sources */ = {isa = PBXBuildFile; fileRef = 451A6F929AD5C20B592589F0 /* OnboardingPlanView.swift */; };
		9479CB32831558A74D7F8A51 /* CommunityView.swift in Sources */ = {isa = PBXBuildFile; fileRef = 471F186ED6F55E5C3B83ED96 /* CommunityView.swift */; };
		9C10EEFBB37EC898AD006B2E /* DeckGenerationService.swift in Sources */ = {isa = PBXBuildFile; fileRef = 66950B49E530F7E461383FB4 /* DeckGenerationService.swift */; };
		A6728A9D362581C24272B7DA /* SettingsView.swift in Sources */ = {isa = PBXBuildFile; fileRef = 8E5C787F74B49B3B71FC2D15 /* SettingsView.swift */; };
		A7451A4F54ABC5417F084DE7 /* DeckPhraseListView.swift in Sources */ = {isa = PBXBuildFile; fileRef = 3E4CDAE7CCAE5AB261FA919A /* DeckPhraseListView.swift */; };
		A85E2EB0B0B1EEC19CA3BB45 /* LibraryView.swift in Sources */ = {isa = PBXBuildFile; fileRef = DC65C434C4B19B941C69BC70 /* LibraryView.swift */; };
		B05FCF32D6D0A7308763F680 /* DeckStore.swift in Sources */ = {isa = PBXBuildFile; fileRef = C4FA7A587F0CCC98AE5D5CC6 /* DeckStore.swift */; };
		B9AA423B388610BD520491E6 /* OnboardingPaywallView.swift in Sources */ = {isa = PBXBuildFile; fileRef = B6645235449EC772517A19CF /* OnboardingPaywallView.swift */; };
		BD7EC3254FC66D6CC12F9959 /* FlirtyContextSheet.swift in Sources */ = {isa = PBXBuildFile; fileRef = F615F7271A5D10592C66CDCC /* FlirtyContextSheet.swift */; };
		D050ECE5BD70709FDA4FC04B /* MainTabView.swift in Sources */ = {isa = PBXBuildFile; fileRef = 3CCCB62F99F464B7F3FB39D6 /* MainTabView.swift */; };
		D679EC47DAD2AFB2E72A22F4 /* Localizable.xcstrings in Resources */ = {isa = PBXBuildFile; fileRef = B40E93BABBB610917935465D /* Localizable.xcstrings */; };
		DB91849C6A8449C2D08FBA65 /* AppleSignInHelper.swift in Sources */ = {isa = PBXBuildFile; fileRef = 51220AA1E01BAC95E7A6DE13 /* AppleSignInHelper.swift */; };
		DDA054E5703065AF5B8A6955 /* LanguageSelectionView.swift in Sources */ = {isa = PBXBuildFile; fileRef = F7FDC3F2AB5601574ACCEED0 /* LanguageSelectionView.swift */; };
		E01C8B061F276D5BB380A4EA /* KeyboardSetupBanner.swift in Sources */ = {isa = PBXBuildFile; fileRef = 8E8447306AE1244029E4FE8D /* KeyboardSetupBanner.swift */; };
		E4BC44C5F39E1F4577AF82AF /* OnboardingGoalsView.swift in Sources */ = {isa = PBXBuildFile; fileRef = 9C8D915ECE4E6C56FC9D2349 /* OnboardingGoalsView.swift */; };
		E6D877506BBB3C631FA7EB5F /* KeyboardSetupSplashView.swift in Sources */ = {isa = PBXBuildFile; fileRef = 7D029A7EA24A4D19ACF579EB /* KeyboardSetupSplashView.swift */; };
		E7BD1C7662AC01491CCB250C /* QuickAddSheet.swift in Sources */ = {isa = PBXBuildFile; fileRef = 1CF0203081627899390A9ED7 /* QuickAddSheet.swift */; };
		EC4C549C2C7410850E1D2676 /* OnboardingLocationView.swift in Sources */ = {isa = PBXBuildFile; fileRef = 8FC723A32F4D1936AE809E74 /* OnboardingLocationView.swift */; };
		EDBC54D35ACD71EF429A4F78 /* MyDecksView.swift in Sources */ = {isa = PBXBuildFile; fileRef = 6208DE9355A180B87E6E9655 /* MyDecksView.swift */; };
		F304AF071C9CE13B9BBD0257 /* KitView.swift in Sources */ = {isa = PBXBuildFile; fileRef = 13721C7308918D79F62CB559 /* KitView.swift */; };
		F5AC187F5E0308639395913A /* AddCardSheet.swift in Sources */ = {isa = PBXBuildFile; fileRef = 907A36084F3DDD8ED22F49CA /* AddCardSheet.swift */; };
		F84EE25FE5E411D5EE098FF6 /* OnboardingView.swift in Sources */ = {isa = PBXBuildFile; fileRef = 3C9C1B33D0F41361EBB664B4 /* OnboardingView.swift */; };
/* End PBXBuildFile section */

/* Begin PBXContainerItemProxy section */
		006F75EB2F547E3500D581A9 /* PBXContainerItemProxy */ = {
			isa = PBXContainerItemProxy;
			containerPortal = 0031333D2F3DE56A00F7A418 /* Project object */;
			proxyType = 1;
			remoteGlobalIDString = 006F75E52F547E3500D581A9;
			remoteInfo = TranslateHelperKeyboard;
		};
/* End PBXContainerItemProxy section */

/* Begin PBXCopyFilesBuildPhase section */
		006F75F22F547E3500D581A9 /* Embed Foundation Extensions */ = {
			isa = PBXCopyFilesBuildPhase;
			buildActionMask = 2147483647;
			dstPath = "";
			dstSubfolderSpec = 13;
			files = (
				006F75ED2F547E3500D581A9 /* TranslateHelperKeyboard.appex in Embed Foundation Extensions */,
			);
			name = "Embed Foundation Extensions";
			runOnlyForDeploymentPostprocessing = 0;
		};
/* End PBXCopyFilesBuildPhase section */

/* Begin PBXFileReference section */
		003133452F3DE56A00F7A418 /* TranslateHelper.app */ = {isa = PBXFileReference; explicitFileType = wrapper.application; includeInIndex = 0; path = TranslateHelper.app; sourceTree = BUILT_PRODUCTS_DIR; };
		006F75162F547D2200D581A9 /* AppDelegate.swift */ = {isa = PBXFileReference; lastKnownFileType = sourcecode.swift; path = AppDelegate.swift; sourceTree = "<group>"; };
		006F75172F547D2200D581A9 /* Assets.xcassets */ = {isa = PBXFileReference; lastKnownFileType = folder.assetcatalog; path = Assets.xcassets; sourceTree = "<group>"; };
		006F75182F547D2200D581A9 /* AuthManager.swift */ = {isa = PBXFileReference; lastKnownFileType = sourcecode.swift; path = AuthManager.swift; sourceTree = "<group>"; };
		006F75192F547D2200D581A9 /* CreateAccountView.swift */ = {isa = PBXFileReference; lastKnownFileType = sourcecode.swift; path = CreateAccountView.swift; sourceTree = "<group>"; };
		006F751A2F547D2200D581A9 /* DesignSystem.swift */ = {isa = PBXFileReference; lastKnownFileType = sourcecode.swift; path = DesignSystem.swift; sourceTree = "<group>"; };
		006F751B2F547D2200D581A9 /* DictateViewController.swift */ = {isa = PBXFileReference; lastKnownFileType = sourcecode.swift; path = DictateViewController.swift; sourceTree = "<group>"; };
		006F751C2F547D2200D581A9 /* ForgotPasswordView.swift */ = {isa = PBXFileReference; lastKnownFileType = sourcecode.swift; path = ForgotPasswordView.swift; sourceTree = "<group>"; };
		006F751D2F547D2200D581A9 /* GoogleService-Info.plist */ = {isa = PBXFileReference; lastKnownFileType = text.plist.xml; path = "GoogleService-Info.plist"; sourceTree = "<group>"; };
		006F751E2F547D2200D581A9 /* Info.plist */ = {isa = PBXFileReference; lastKnownFileType = text.plist.xml; path = Info.plist; sourceTree = "<group>"; };
		006F751F2F547D2200D581A9 /* Base */ = {isa = PBXFileReference; lastKnownFileType = file.storyboard; name = Base; path = Base.lproj/LaunchScreen.storyboard; sourceTree = "<group>"; };
		006F75212F547D2200D581A9 /* Base */ = {isa = PBXFileReference; lastKnownFileType = file.storyboard; name = Base; path = Base.lproj/Main.storyboard; sourceTree = "<group>"; };
		006F75232F547D2200D581A9 /* RootView.swift */ = {isa = PBXFileReference; lastKnownFileType = sourcecode.swift; path = RootView.swift; sourceTree = "<group>"; };
		006F75242F547D2200D581A9 /* SceneDelegate.swift */ = {isa = PBXFileReference; lastKnownFileType = sourcecode.swift; path = SceneDelegate.swift; sourceTree = "<group>"; };
		006F75252F547D2200D581A9 /* SignInView.swift */ = {isa = PBXFileReference; lastKnownFileType = sourcecode.swift; path = SignInView.swift; sourceTree = "<group>"; };
		006F75262F547D2200D581A9 /* TranslateHelper.entitlements */ = {isa = PBXFileReference; lastKnownFileType = text.plist.entitlements; path = TranslateHelper.entitlements; sourceTree = "<group>"; };
		006F75272F547D2200D581A9 /* ViewController.swift */ = {isa = PBXFileReference; lastKnownFileType = sourcecode.swift; path = ViewController.swift; sourceTree = "<group>"; };
		006F75382F547D4A00D581A9 /* AppDelegate.swift */ = {isa = PBXFileReference; lastKnownFileType = sourcecode.swift; path = AppDelegate.swift; sourceTree = "<group>"; };
		006F75392F547D4A00D581A9 /* Assets.xcassets */ = {isa = PBXFileReference; lastKnownFileType = folder.assetcatalog; path = Assets.xcassets; sourceTree = "<group>"; };
		006F753A2F547D4A00D581A9 /* AuthManager.swift */ = {isa = PBXFileReference; lastKnownFileType = sourcecode.swift; path = AuthManager.swift; sourceTree = "<group>"; };
		006F753B2F547D4A00D581A9 /* CreateAccountView.swift */ = {isa = PBXFileReference; lastKnownFileType = sourcecode.swift; path = CreateAccountView.swift; sourceTree = "<group>"; };
		006F753C2F547D4A00D581A9 /* DesignSystem.swift */ = {isa = PBXFileReference; lastKnownFileType = sourcecode.swift; path = DesignSystem.swift; sourceTree = "<group>"; };
		006F753D2F547D4A00D581A9 /* DictateViewController.swift */ = {isa = PBXFileReference; lastKnownFileType = sourcecode.swift; path = DictateViewController.swift; sourceTree = "<group>"; };
		006F753E2F547D4A00D581A9 /* ForgotPasswordView.swift */ = {isa = PBXFileReference; lastKnownFileType = sourcecode.swift; path = ForgotPasswordView.swift; sourceTree = "<group>"; };
		006F753F2F547D4A00D581A9 /* GoogleService-Info.plist */ = {isa = PBXFileReference; lastKnownFileType = text.plist.xml; path = "GoogleService-Info.plist"; sourceTree = "<group>"; };
		006F75402F547D4A00D581A9 /* Info.plist */ = {isa = PBXFileReference; lastKnownFileType = text.plist.xml; path = Info.plist; sourceTree = "<group>"; };
		006F75412F547D4A00D581A9 /* Base */ = {isa = PBXFileReference; lastKnownFileType = file.storyboard; name = Base; path = Base.lproj/LaunchScreen.storyboard; sourceTree = "<group>"; };
		006F75432F547D4A00D581A9 /* Base */ = {isa = PBXFileReference; lastKnownFileType = file.storyboard; name = Base; path = Base.lproj/Main.storyboard; sourceTree = "<group>"; };
		006F75452F547D4A00D581A9 /* RootView.swift */ = {isa = PBXFileReference; lastKnownFileType = sourcecode.swift; path = RootView.swift; sourceTree = "<group>"; };
		006F75462F547D4A00D581A9 /* SceneDelegate.swift */ = {isa = PBXFileReference; lastKnownFileType = sourcecode.swift; path = SceneDelegate.swift; sourceTree = "<group>"; };
		006F75472F547D4A00D581A9 /* SignInView.swift */ = {isa = PBXFileReference; lastKnownFileType = sourcecode.swift; path = SignInView.swift; sourceTree = "<group>"; };
		006F75482F547D4A00D581A9 /* TranslateHelper.entitlements */ = {isa = PBXFileReference; lastKnownFileType = text.plist.entitlements; path = TranslateHelper.entitlements; sourceTree = "<group>"; };
		006F75492F547D4A00D581A9 /* ViewController.swift */ = {isa = PBXFileReference; lastKnownFileType = sourcecode.swift; path = ViewController.swift; sourceTree = "<group>"; };
		006F755A2F547D5B00D581A9 /* AppDelegate.swift */ = {isa = PBXFileReference; lastKnownFileType = sourcecode.swift; path = AppDelegate.swift; sourceTree = "<group>"; };
		006F755B2F547D5B00D581A9 /* Assets.xcassets */ = {isa = PBXFileReference; lastKnownFileType = folder.assetcatalog; path = Assets.xcassets; sourceTree = "<group>"; };
		006F755C2F547D5B00D581A9 /* AuthManager.swift */ = {isa = PBXFileReference; lastKnownFileType = sourcecode.swift; path = AuthManager.swift; sourceTree = "<group>"; };
		006F755D2F547D5B00D581A9 /* CreateAccountView.swift */ = {isa = PBXFileReference; lastKnownFileType = sourcecode.swift; path = CreateAccountView.swift; sourceTree = "<group>"; };
		006F755E2F547D5B00D581A9 /* DesignSystem.swift */ = {isa = PBXFileReference; lastKnownFileType = sourcecode.swift; path = DesignSystem.swift; sourceTree = "<group>"; };
		006F755F2F547D5B00D581A9 /* DictateViewController.swift */ = {isa = PBXFileReference; lastKnownFileType = sourcecode.swift; path = DictateViewController.swift; sourceTree = "<group>"; };
		006F75602F547D5B00D581A9 /* ForgotPasswordView.swift */ = {isa = PBXFileReference; lastKnownFileType = sourcecode.swift; path = ForgotPasswordView.swift; sourceTree = "<group>"; };
		006F75612F547D5B00D581A9 /* GoogleService-Info.plist */ = {isa = PBXFileReference; lastKnownFileType = text.plist.xml; path = "GoogleService-Info.plist"; sourceTree = "<group>"; };
		006F75622F547D5B00D581A9 /* Info.plist */ = {isa = PBXFileReference; lastKnownFileType = text.plist.xml; path = Info.plist; sourceTree = "<group>"; };
		006F75632F547D5B00D581A9 /* Base */ = {isa = PBXFileReference; lastKnownFileType = file.storyboard; name = Base; path = Base.lproj/LaunchScreen.storyboard; sourceTree = "<group>"; };
		006F75652F547D5B00D581A9 /* Base */ = {isa = PBXFileReference; lastKnownFileType = file.storyboard; name = Base; path = Base.lproj/Main.storyboard; sourceTree = "<group>"; };
		006F75672F547D5B00D581A9 /* RootView.swift */ = {isa = PBXFileReference; lastKnownFileType = sourcecode.swift; path = RootView.swift; sourceTree = "<group>"; };
		006F75682F547D5B00D581A9 /* SceneDelegate.swift */ = {isa = PBXFileReference; lastKnownFileType = sourcecode.swift; path = SceneDelegate.swift; sourceTree = "<group>"; };
		006F75692F547D5B00D581A9 /* SignInView.swift */ = {isa = PBXFileReference; lastKnownFileType = sourcecode.swift; path = SignInView.swift; sourceTree = "<group>"; };
		006F756A2F547D5B00D581A9 /* TranslateHelper.entitlements */ = {isa = PBXFileReference; lastKnownFileType = text.plist.entitlements; path = TranslateHelper.entitlements; sourceTree = "<group>"; };
		006F756B2F547D5B00D581A9 /* ViewController.swift */ = {isa = PBXFileReference; lastKnownFileType = sourcecode.swift; path = ViewController.swift; sourceTree = "<group>"; };
		006F757C2F547D7300D581A9 /* AppDelegate.swift */ = {isa = PBXFileReference; lastKnownFileType = sourcecode.swift; path = AppDelegate.swift; sourceTree = "<group>"; };
		006F757D2F547D7300D581A9 /* Assets.xcassets */ = {isa = PBXFileReference; lastKnownFileType = folder.assetcatalog; path = Assets.xcassets; sourceTree = "<group>"; };
		006F757E2F547D7300D581A9 /* AuthManager.swift */ = {isa = PBXFileReference; lastKnownFileType = sourcecode.swift; path = AuthManager.swift; sourceTree = "<group>"; };
		006F757F2F547D7300D581A9 /* CreateAccountView.swift */ = {isa = PBXFileReference; lastKnownFileType = sourcecode.swift; path = CreateAccountView.swift; sourceTree = "<group>"; };
		006F75802F547D7300D581A9 /* DesignSystem.swift */ = {isa = PBXFileReference; lastKnownFileType = sourcecode.swift; path = DesignSystem.swift; sourceTree = "<group>"; };
		006F75812F547D7300D581A9 /* DictateViewController.swift */ = {isa = PBXFileReference; lastKnownFileType = sourcecode.swift; path = DictateViewController.swift; sourceTree = "<group>"; };
		006F75822F547D7300D581A9 /* ForgotPasswordView.swift */ = {isa = PBXFileReference; lastKnownFileType = sourcecode.swift; path = ForgotPasswordView.swift; sourceTree = "<group>"; };
		006F75832F547D7300D581A9 /* GoogleService-Info.plist */ = {isa = PBXFileReference; lastKnownFileType = text.plist.xml; path = "GoogleService-Info.plist"; sourceTree = "<group>"; };
		006F75842F547D7300D581A9 /* Info.plist */ = {isa = PBXFileReference; lastKnownFileType = text.plist.xml; path = Info.plist; sourceTree = "<group>"; };
		006F75852F547D7300D581A9 /* Base */ = {isa = PBXFileReference; lastKnownFileType = file.storyboard; name = Base; path = Base.lproj/LaunchScreen.storyboard; sourceTree = "<group>"; };
		006F75872F547D7300D581A9 /* Base */ = {isa = PBXFileReference; lastKnownFileType = file.storyboard; name = Base; path = Base.lproj/Main.storyboard; sourceTree = "<group>"; };
		006F75892F547D7300D581A9 /* RootView.swift */ = {isa = PBXFileReference; lastKnownFileType = sourcecode.swift; path = RootView.swift; sourceTree = "<group>"; };
		006F758A2F547D7300D581A9 /* SceneDelegate.swift */ = {isa = PBXFileReference; lastKnownFileType = sourcecode.swift; path = SceneDelegate.swift; sourceTree = "<group>"; };
		006F758B2F547D7300D581A9 /* SignInView.swift */ = {isa = PBXFileReference; lastKnownFileType = sourcecode.swift; path = SignInView.swift; sourceTree = "<group>"; };
		006F758C2F547D7300D581A9 /* TranslateHelper.entitlements */ = {isa = PBXFileReference; lastKnownFileType = text.plist.entitlements; path = TranslateHelper.entitlements; sourceTree = "<group>"; };
		006F758D2F547D7300D581A9 /* ViewController.swift */ = {isa = PBXFileReference; lastKnownFileType = sourcecode.swift; path = ViewController.swift; sourceTree = "<group>"; };
		006F759E2F547D8800D581A9 /* AppDelegate.swift */ = {isa = PBXFileReference; lastKnownFileType = sourcecode.swift; path = AppDelegate.swift; sourceTree = "<group>"; };
		006F759F2F547D8800D581A9 /* Assets.xcassets */ = {isa = PBXFileReference; lastKnownFileType = folder.assetcatalog; path = Assets.xcassets; sourceTree = "<group>"; };
		006F75A02F547D8800D581A9 /* AuthManager.swift */ = {isa = PBXFileReference; lastKnownFileType = sourcecode.swift; path = AuthManager.swift; sourceTree = "<group>"; };
		006F75A12F547D8800D581A9 /* CreateAccountView.swift */ = {isa = PBXFileReference; lastKnownFileType = sourcecode.swift; path = CreateAccountView.swift; sourceTree = "<group>"; };
		006F75A22F547D8800D581A9 /* DesignSystem.swift */ = {isa = PBXFileReference; lastKnownFileType = sourcecode.swift; path = DesignSystem.swift; sourceTree = "<group>"; };
		006F75A32F547D8800D581A9 /* DictateViewController.swift */ = {isa = PBXFileReference; lastKnownFileType = sourcecode.swift; path = DictateViewController.swift; sourceTree = "<group>"; };
		006F75A42F547D8800D581A9 /* ForgotPasswordView.swift */ = {isa = PBXFileReference; lastKnownFileType = sourcecode.swift; path = ForgotPasswordView.swift; sourceTree = "<group>"; };
		006F75A52F547D8800D581A9 /* GoogleService-Info.plist */ = {isa = PBXFileReference; lastKnownFileType = text.plist.xml; path = "GoogleService-Info.plist"; sourceTree = "<group>"; };
		006F75A62F547D8800D581A9 /* Info.plist */ = {isa = PBXFileReference; lastKnownFileType = text.plist.xml; path = Info.plist; sourceTree = "<group>"; };
		006F75A72F547D8800D581A9 /* Base */ = {isa = PBXFileReference; lastKnownFileType = file.storyboard; name = Base; path = Base.lproj/LaunchScreen.storyboard; sourceTree = "<group>"; };
		006F75A92F547D8800D581A9 /* Base */ = {isa = PBXFileReference; lastKnownFileType = file.storyboard; name = Base; path = Base.lproj/Main.storyboard; sourceTree = "<group>"; };
		006F75AB2F547D8800D581A9 /* RootView.swift */ = {isa = PBXFileReference; lastKnownFileType = sourcecode.swift; path = RootView.swift; sourceTree = "<group>"; };
		006F75AC2F547D8800D581A9 /* SceneDelegate.swift */ = {isa = PBXFileReference; lastKnownFileType = sourcecode.swift; path = SceneDelegate.swift; sourceTree = "<group>"; };
		006F75AD2F547D8800D581A9 /* SignInView.swift */ = {isa = PBXFileReference; lastKnownFileType = sourcecode.swift; path = SignInView.swift; sourceTree = "<group>"; };
		006F75AE2F547D8800D581A9 /* TranslateHelper.entitlements */ = {isa = PBXFileReference; lastKnownFileType = text.plist.entitlements; path = TranslateHelper.entitlements; sourceTree = "<group>"; };
		006F75AF2F547D8800D581A9 /* ViewController.swift */ = {isa = PBXFileReference; lastKnownFileType = sourcecode.swift; path = ViewController.swift; sourceTree = "<group>"; };
		006F75C02F547D9C00D581A9 /* AppDelegate.swift */ = {isa = PBXFileReference; lastKnownFileType = sourcecode.swift; path = AppDelegate.swift; sourceTree = "<group>"; };
		006F75C12F547D9C00D581A9 /* Assets.xcassets */ = {isa = PBXFileReference; lastKnownFileType = folder.assetcatalog; path = Assets.xcassets; sourceTree = "<group>"; };
		006F75C22F547D9C00D581A9 /* AuthManager.swift */ = {isa = PBXFileReference; lastKnownFileType = sourcecode.swift; path = AuthManager.swift; sourceTree = "<group>"; };
		006F75C32F547D9C00D581A9 /* CreateAccountView.swift */ = {isa = PBXFileReference; lastKnownFileType = sourcecode.swift; path = CreateAccountView.swift; sourceTree = "<group>"; };
		006F75C42F547D9C00D581A9 /* DesignSystem.swift */ = {isa = PBXFileReference; lastKnownFileType = sourcecode.swift; path = DesignSystem.swift; sourceTree = "<group>"; };
		006F75C52F547D9C00D581A9 /* DictateViewController.swift */ = {isa = PBXFileReference; lastKnownFileType = sourcecode.swift; path = DictateViewController.swift; sourceTree = "<group>"; };
		006F75C62F547D9C00D581A9 /* ForgotPasswordView.swift */ = {isa = PBXFileReference; lastKnownFileType = sourcecode.swift; path = ForgotPasswordView.swift; sourceTree = "<group>"; };
		006F75C72F547D9C00D581A9 /* GoogleService-Info.plist */ = {isa = PBXFileReference; lastKnownFileType = text.plist.xml; path = "GoogleService-Info.plist"; sourceTree = "<group>"; };
		006F75C82F547D9C00D581A9 /* Info.plist */ = {isa = PBXFileReference; lastKnownFileType = text.plist.xml; path = Info.plist; sourceTree = "<group>"; };
		006F75C92F547D9C00D581A9 /* Base */ = {isa = PBXFileReference; lastKnownFileType = file.storyboard; name = Base; path = Base.lproj/LaunchScreen.storyboard; sourceTree = "<group>"; };
		006F75CB2F547D9C00D581A9 /* Base */ = {isa = PBXFileReference; lastKnownFileType = file.storyboard; name = Base; path = Base.lproj/Main.storyboard; sourceTree = "<group>"; };
		006F75CD2F547D9C00D581A9 /* RootView.swift */ = {isa = PBXFileReference; lastKnownFileType = sourcecode.swift; path = RootView.swift; sourceTree = "<group>"; };
		006F75CE2F547D9C00D581A9 /* SceneDelegate.swift */ = {isa = PBXFileReference; lastKnownFileType = sourcecode.swift; path = SceneDelegate.swift; sourceTree = "<group>"; };
		006F75CF2F547D9C00D581A9 /* SignInView.swift */ = {isa = PBXFileReference; lastKnownFileType = sourcecode.swift; path = SignInView.swift; sourceTree = "<group>"; };
		006F75D02F547D9C00D581A9 /* TranslateHelper.entitlements */ = {isa = PBXFileReference; lastKnownFileType = text.plist.entitlements; path = TranslateHelper.entitlements; sourceTree = "<group>"; };
		006F75D12F547D9C00D581A9 /* ViewController.swift */ = {isa = PBXFileReference; lastKnownFileType = sourcecode.swift; path = ViewController.swift; sourceTree = "<group>"; };
		006F75E62F547E3500D581A9 /* TranslateHelperKeyboard.appex */ = {isa = PBXFileReference; explicitFileType = "wrapper.app-extension"; includeInIndex = 0; path = TranslateHelperKeyboard.appex; sourceTree = BUILT_PRODUCTS_DIR; };
		13721C7308918D79F62CB559 /* KitView.swift */ = {isa = PBXFileReference; includeInIndex = 1; lastKnownFileType = sourcecode.swift; path = KitView.swift; sourceTree = "<group>"; };
		1CF0203081627899390A9ED7 /* QuickAddSheet.swift */ = {isa = PBXFileReference; includeInIndex = 1; lastKnownFileType = sourcecode.swift; path = QuickAddSheet.swift; sourceTree = "<group>"; };
		2111A26039606CBFB2DC5F96 /* SharedPhraseStore.swift */ = {isa = PBXFileReference; includeInIndex = 1; lastKnownFileType = sourcecode.swift; path = SharedPhraseStore.swift; sourceTree = "<group>"; };
		3C9C1B33D0F41361EBB664B4 /* OnboardingView.swift */ = {isa = PBXFileReference; includeInIndex = 1; lastKnownFileType = sourcecode.swift; path = OnboardingView.swift; sourceTree = "<group>"; };
		3CCCB62F99F464B7F3FB39D6 /* MainTabView.swift */ = {isa = PBXFileReference; includeInIndex = 1; lastKnownFileType = sourcecode.swift; path = MainTabView.swift; sourceTree = "<group>"; };
		3E4CDAE7CCAE5AB261FA919A /* DeckPhraseListView.swift */ = {isa = PBXFileReference; includeInIndex = 1; lastKnownFileType = sourcecode.swift; path = DeckPhraseListView.swift; sourceTree = "<group>"; };
		451A6F929AD5C20B592589F0 /* OnboardingPlanView.swift */ = {isa = PBXFileReference; includeInIndex = 1; lastKnownFileType = sourcecode.swift; path = OnboardingPlanView.swift; sourceTree = "<group>"; };
		471F186ED6F55E5C3B83ED96 /* CommunityView.swift */ = {isa = PBXFileReference; includeInIndex = 1; lastKnownFileType = sourcecode.swift; path = CommunityView.swift; sourceTree = "<group>"; };
		51220AA1E01BAC95E7A6DE13 /* AppleSignInHelper.swift */ = {isa = PBXFileReference; includeInIndex = 1; lastKnownFileType = sourcecode.swift; path = AppleSignInHelper.swift; sourceTree = "<group>"; };
		6208DE9355A180B87E6E9655 /* MyDecksView.swift */ = {isa = PBXFileReference; includeInIndex = 1; lastKnownFileType = sourcecode.swift; path = MyDecksView.swift; sourceTree = "<group>"; };
		66950B49E530F7E461383FB4 /* DeckGenerationService.swift */ = {isa = PBXFileReference; includeInIndex = 1; lastKnownFileType = sourcecode.swift; path = DeckGenerationService.swift; sourceTree = "<group>"; };
		6B7DDD7DACC2B26628632458 /* StudySourceWordView.swift */ = {isa = PBXFileReference; includeInIndex = 1; lastKnownFileType = sourcecode.swift; path = StudySourceWordView.swift; sourceTree = "<group>"; };
		701E42686590C2360A8BDE9E /* StudyOptionsCard.swift */ = {isa = PBXFileReference; includeInIndex = 1; lastKnownFileType = sourcecode.swift; path = StudyOptionsCard.swift; sourceTree = "<group>"; };
		70676833227F3272CB102236 /* Config.swift */ = {isa = PBXFileReference; includeInIndex = 1; lastKnownFileType = sourcecode.swift; path = Config.swift; sourceTree = "<group>"; };
		7D029A7EA24A4D19ACF579EB /* KeyboardSetupSplashView.swift */ = {isa = PBXFileReference; includeInIndex = 1; lastKnownFileType = sourcecode.swift; path = KeyboardSetupSplashView.swift; sourceTree = "<group>"; };
		8E5C787F74B49B3B71FC2D15 /* SettingsView.swift */ = {isa = PBXFileReference; includeInIndex = 1; lastKnownFileType = sourcecode.swift; path = SettingsView.swift; sourceTree = "<group>"; };
		8E8447306AE1244029E4FE8D /* KeyboardSetupBanner.swift */ = {isa = PBXFileReference; includeInIndex = 1; lastKnownFileType = sourcecode.swift; path = KeyboardSetupBanner.swift; sourceTree = "<group>"; };
		8FC723A32F4D1936AE809E74 /* OnboardingLocationView.swift */ = {isa = PBXFileReference; includeInIndex = 1; lastKnownFileType = sourcecode.swift; path = OnboardingLocationView.swift; sourceTree = "<group>"; };
		907A36084F3DDD8ED22F49CA /* AddCardSheet.swift */ = {isa = PBXFileReference; includeInIndex = 1; lastKnownFileType = sourcecode.swift; path = AddCardSheet.swift; sourceTree = "<group>"; };
		93834FA2F33A8EBFE4B053E5 /* CityModel.swift */ = {isa = PBXFileReference; includeInIndex = 1; lastKnownFileType = sourcecode.swift; path = CityModel.swift; sourceTree = "<group>"; };
		9C8D915ECE4E6C56FC9D2349 /* OnboardingGoalsView.swift */ = {isa = PBXFileReference; includeInIndex = 1; lastKnownFileType = sourcecode.swift; path = OnboardingGoalsView.swift; sourceTree = "<group>"; };
		B06F69CBF0E7D5F064F666BC /* UserLocationsStore.swift */ = {isa = PBXFileReference; includeInIndex = 1; lastKnownFileType = sourcecode.swift; path = UserLocationsStore.swift; sourceTree = "<group>"; };
		B40E93BABBB610917935465D /* Localizable.xcstrings */ = {isa = PBXFileReference; includeInIndex = 1; lastKnownFileType = text.json.xcstrings; path = Localizable.xcstrings; sourceTree = "<group>"; };
		B6645235449EC772517A19CF /* OnboardingPaywallView.swift */ = {isa = PBXFileReference; includeInIndex = 1; lastKnownFileType = sourcecode.swift; path = OnboardingPaywallView.swift; sourceTree = "<group>"; };
		C4FA7A587F0CCC98AE5D5CC6 /* DeckStore.swift */ = {isa = PBXFileReference; includeInIndex = 1; lastKnownFileType = sourcecode.swift; path = DeckStore.swift; sourceTree = "<group>"; };
		DC65C434C4B19B941C69BC70 /* LibraryView.swift */ = {isa = PBXFileReference; includeInIndex = 1; lastKnownFileType = sourcecode.swift; path = LibraryView.swift; sourceTree = "<group>"; };
		F10B7D83A76412AF0CE97BB3 /* TTSService.swift */ = {isa = PBXFileReference; includeInIndex = 1; lastKnownFileType = sourcecode.swift; path = TTSService.swift; sourceTree = "<group>"; };
		F615F7271A5D10592C66CDCC /* FlirtyContextSheet.swift */ = {isa = PBXFileReference; includeInIndex = 1; lastKnownFileType = sourcecode.swift; path = FlirtyContextSheet.swift; sourceTree = "<group>"; };
		F7BCC4D19FBB7CCB35DEFB36 /* StudyRevealedCardView.swift */ = {isa = PBXFileReference; includeInIndex = 1; lastKnownFileType = sourcecode.swift; path = StudyRevealedCardView.swift; sourceTree = "<group>"; };
		F7FDC3F2AB5601574ACCEED0 /* LanguageSelectionView.swift */ = {isa = PBXFileReference; includeInIndex = 1; lastKnownFileType = sourcecode.swift; path = LanguageSelectionView.swift; sourceTree = "<group>"; };
/* End PBXFileReference section */

/* Begin PBXFileSystemSynchronizedBuildFileExceptionSet section */
		003133572F3DE56B00F7A418 /* Exceptions for "TranslateHelper" folder in "TranslateHelper" target */ = {
			isa = PBXFileSystemSynchronizedBuildFileExceptionSet;
			membershipExceptions = (
				Info.plist,
			);
			target = 003133442F3DE56A00F7A418 /* TranslateHelper */;
		};
		006F75F12F547E3500D581A9 /* Exceptions for "TranslateHelperKeyboard" folder in "TranslateHelperKeyboard" target */ = {
			isa = PBXFileSystemSynchronizedBuildFileExceptionSet;
			membershipExceptions = (
				Info.plist,
			);
			target = 006F75E52F547E3500D581A9 /* TranslateHelperKeyboard */;
		};
/* End PBXFileSystemSynchronizedBuildFileExceptionSet section */

/* Begin PBXFileSystemSynchronizedRootGroup section */
		003133472F3DE56A00F7A418 /* TranslateHelper */ = {
			isa = PBXFileSystemSynchronizedRootGroup;
			exceptions = (
				003133572F3DE56B00F7A418 /* Exceptions for "TranslateHelper" folder in "TranslateHelper" target */,
			);
			path = TranslateHelper;
			sourceTree = "<group>";
		};
		006F75E72F547E3500D581A9 /* TranslateHelperKeyboard */ = {
			isa = PBXFileSystemSynchronizedRootGroup;
			exceptions = (
				006F75F12F547E3500D581A9 /* Exceptions for "TranslateHelperKeyboard" folder in "TranslateHelperKeyboard" target */,
			);
			path = TranslateHelperKeyboard;
			sourceTree = "<group>";
		};
/* End PBXFileSystemSynchronizedRootGroup section */

/* Begin PBXFrameworksBuildPhase section */
		003133422F3DE56A00F7A418 /* Frameworks */ = {
			isa = PBXFrameworksBuildPhase;
			buildActionMask = 2147483647;
			files = (
				006F75132F547CA800D581A9 /* FirebaseAuth in Frameworks */,
				006F75152F547CA800D581A9 /* FirebaseFirestore in Frameworks */,
				006F769E2F54C7FA00D581A9 /* GoogleSignIn in Frameworks */,
			);
			runOnlyForDeploymentPostprocessing = 0;
		};
		006F75E32F547E3500D581A9 /* Frameworks */ = {
			isa = PBXFrameworksBuildPhase;
			buildActionMask = 2147483647;
			files = (
			);
			runOnlyForDeploymentPostprocessing = 0;
		};
/* End PBXFrameworksBuildPhase section */

/* Begin PBXGroup section */
		0031333C2F3DE56A00F7A418 = {
			isa = PBXGroup;
			children = (
				006F75D22F547D9C00D581A9 /* TranslateHelper */,
				006F75B02F547D8800D581A9 /* TranslateHelper */,
				006F758E2F547D7300D581A9 /* TranslateHelper */,
				006F756C2F547D5B00D581A9 /* TranslateHelper */,
				006F754A2F547D4A00D581A9 /* TranslateHelper */,
				006F75282F547D2200D581A9 /* TranslateHelper */,
				003133472F3DE56A00F7A418 /* TranslateHelper */,
				006F75E72F547E3500D581A9 /* TranslateHelperKeyboard */,
				006F769C2F54C7FA00D581A9 /* Frameworks */,
				003133462F3DE56A00F7A418 /* Products */,
			);
			sourceTree = "<group>";
		};
		003133462F3DE56A00F7A418 /* Products */ = {
			isa = PBXGroup;
			children = (
				003133452F3DE56A00F7A418 /* TranslateHelper.app */,
				006F75E62F547E3500D581A9 /* TranslateHelperKeyboard.appex */,
			);
			name = Products;
			sourceTree = "<group>";
		};
		006F75282F547D2200D581A9 /* TranslateHelper */ = {
			isa = PBXGroup;
			children = (
				006F75162F547D2200D581A9 /* AppDelegate.swift */,
				006F75172F547D2200D581A9 /* Assets.xcassets */,
				006F75182F547D2200D581A9 /* AuthManager.swift */,
				006F75192F547D2200D581A9 /* CreateAccountView.swift */,
				006F751A2F547D2200D581A9 /* DesignSystem.swift */,
				006F751B2F547D2200D581A9 /* DictateViewController.swift */,
				006F751C2F547D2200D581A9 /* ForgotPasswordView.swift */,
				006F751D2F547D2200D581A9 /* GoogleService-Info.plist */,
				006F751E2F547D2200D581A9 /* Info.plist */,
				006F75202F547D2200D581A9 /* LaunchScreen.storyboard */,
				006F75222F547D2200D581A9 /* Main.storyboard */,
				006F75232F547D2200D581A9 /* RootView.swift */,
				006F75242F547D2200D581A9 /* SceneDelegate.swift */,
				006F75252F547D2200D581A9 /* SignInView.swift */,
				006F75262F547D2200D581A9 /* TranslateHelper.entitlements */,
				006F75272F547D2200D581A9 /* ViewController.swift */,
			);
			path = TranslateHelper;
			sourceTree = "<group>";
		};
		006F754A2F547D4A00D581A9 /* TranslateHelper */ = {
			isa = PBXGroup;
			children = (
				006F75382F547D4A00D581A9 /* AppDelegate.swift */,
				006F75392F547D4A00D581A9 /* Assets.xcassets */,
				006F753A2F547D4A00D581A9 /* AuthManager.swift */,
				006F753B2F547D4A00D581A9 /* CreateAccountView.swift */,
				006F753C2F547D4A00D581A9 /* DesignSystem.swift */,
				006F753D2F547D4A00D581A9 /* DictateViewController.swift */,
				006F753E2F547D4A00D581A9 /* ForgotPasswordView.swift */,
				006F753F2F547D4A00D581A9 /* GoogleService-Info.plist */,
				006F75402F547D4A00D581A9 /* Info.plist */,
				006F75422F547D4A00D581A9 /* LaunchScreen.storyboard */,
				006F75442F547D4A00D581A9 /* Main.storyboard */,
				006F75452F547D4A00D581A9 /* RootView.swift */,
				006F75462F547D4A00D581A9 /* SceneDelegate.swift */,
				006F75472F547D4A00D581A9 /* SignInView.swift */,
				006F75482F547D4A00D581A9 /* TranslateHelper.entitlements */,
				006F75492F547D4A00D581A9 /* ViewController.swift */,
			);
			path = TranslateHelper;
			sourceTree = "<group>";
		};
		006F756C2F547D5B00D581A9 /* TranslateHelper */ = {
			isa = PBXGroup;
			children = (
				006F755A2F547D5B00D581A9 /* AppDelegate.swift */,
				006F755B2F547D5B00D581A9 /* Assets.xcassets */,
				006F755C2F547D5B00D581A9 /* AuthManager.swift */,
				006F755D2F547D5B00D581A9 /* CreateAccountView.swift */,
				006F755E2F547D5B00D581A9 /* DesignSystem.swift */,
				006F755F2F547D5B00D581A9 /* DictateViewController.swift */,
				006F75602F547D5B00D581A9 /* ForgotPasswordView.swift */,
				006F75612F547D5B00D581A9 /* GoogleService-Info.plist */,
				006F75622F547D5B00D581A9 /* Info.plist */,
				006F75642F547D5B00D581A9 /* LaunchScreen.storyboard */,
				006F75662F547D5B00D581A9 /* Main.storyboard */,
				006F75672F547D5B00D581A9 /* RootView.swift */,
				006F75682F547D5B00D581A9 /* SceneDelegate.swift */,
				006F75692F547D5B00D581A9 /* SignInView.swift */,
				006F756A2F547D5B00D581A9 /* TranslateHelper.entitlements */,
				006F756B2F547D5B00D581A9 /* ViewController.swift */,
			);
			path = TranslateHelper;
			sourceTree = "<group>";
		};
		006F758E2F547D7300D581A9 /* TranslateHelper */ = {
			isa = PBXGroup;
			children = (
				006F757C2F547D7300D581A9 /* AppDelegate.swift */,
				006F757D2F547D7300D581A9 /* Assets.xcassets */,
				006F757E2F547D7300D581A9 /* AuthManager.swift */,
				006F757F2F547D7300D581A9 /* CreateAccountView.swift */,
				006F75802F547D7300D581A9 /* DesignSystem.swift */,
				006F75812F547D7300D581A9 /* DictateViewController.swift */,
				006F75822F547D7300D581A9 /* ForgotPasswordView.swift */,
				006F75832F547D7300D581A9 /* GoogleService-Info.plist */,
				006F75842F547D7300D581A9 /* Info.plist */,
				006F75862F547D7300D581A9 /* LaunchScreen.storyboard */,
				006F75882F547D7300D581A9 /* Main.storyboard */,
				006F75892F547D7300D581A9 /* RootView.swift */,
				006F758A2F547D7300D581A9 /* SceneDelegate.swift */,
				006F758B2F547D7300D581A9 /* SignInView.swift */,
				006F758C2F547D7300D581A9 /* TranslateHelper.entitlements */,
				006F758D2F547D7300D581A9 /* ViewController.swift */,
			);
			path = TranslateHelper;
			sourceTree = "<group>";
		};
		006F75B02F547D8800D581A9 /* TranslateHelper */ = {
			isa = PBXGroup;
			children = (
				006F759E2F547D8800D581A9 /* AppDelegate.swift */,
				006F759F2F547D8800D581A9 /* Assets.xcassets */,
				006F75A02F547D8800D581A9 /* AuthManager.swift */,
				006F75A12F547D8800D581A9 /* CreateAccountView.swift */,
				006F75A22F547D8800D581A9 /* DesignSystem.swift */,
				006F75A32F547D8800D581A9 /* DictateViewController.swift */,
				006F75A42F547D8800D581A9 /* ForgotPasswordView.swift */,
				006F75A52F547D8800D581A9 /* GoogleService-Info.plist */,
				006F75A62F547D8800D581A9 /* Info.plist */,
				006F75A82F547D8800D581A9 /* LaunchScreen.storyboard */,
				006F75AA2F547D8800D581A9 /* Main.storyboard */,
				006F75AB2F547D8800D581A9 /* RootView.swift */,
				006F75AC2F547D8800D581A9 /* SceneDelegate.swift */,
				006F75AD2F547D8800D581A9 /* SignInView.swift */,
				006F75AE2F547D8800D581A9 /* TranslateHelper.entitlements */,
				006F75AF2F547D8800D581A9 /* ViewController.swift */,
			);
			path = TranslateHelper;
			sourceTree = "<group>";
		};
		006F75D22F547D9C00D581A9 /* TranslateHelper */ = {
			isa = PBXGroup;
			children = (
				006F75C02F547D9C00D581A9 /* AppDelegate.swift */,
				006F75C12F547D9C00D581A9 /* Assets.xcassets */,
				006F75C22F547D9C00D581A9 /* AuthManager.swift */,
				006F75C32F547D9C00D581A9 /* CreateAccountView.swift */,
				006F75C42F547D9C00D581A9 /* DesignSystem.swift */,
				006F75C52F547D9C00D581A9 /* DictateViewController.swift */,
				006F75C62F547D9C00D581A9 /* ForgotPasswordView.swift */,
				006F75C72F547D9C00D581A9 /* GoogleService-Info.plist */,
				006F75C82F547D9C00D581A9 /* Info.plist */,
				006F75CA2F547D9C00D581A9 /* LaunchScreen.storyboard */,
				006F75CC2F547D9C00D581A9 /* Main.storyboard */,
				006F75CD2F547D9C00D581A9 /* RootView.swift */,
				006F75CE2F547D9C00D581A9 /* SceneDelegate.swift */,
				006F75CF2F547D9C00D581A9 /* SignInView.swift */,
				006F75D02F547D9C00D581A9 /* TranslateHelper.entitlements */,
				006F75D12F547D9C00D581A9 /* ViewController.swift */,
				8E5C787F74B49B3B71FC2D15 /* SettingsView.swift */,
				B40E93BABBB610917935465D /* Localizable.xcstrings */,
				3CCCB62F99F464B7F3FB39D6 /* MainTabView.swift */,
				8E8447306AE1244029E4FE8D /* KeyboardSetupBanner.swift */,
				1CF0203081627899390A9ED7 /* QuickAddSheet.swift */,
				907A36084F3DDD8ED22F49CA /* AddCardSheet.swift */,
				701E42686590C2360A8BDE9E /* StudyOptionsCard.swift */,
				F7BCC4D19FBB7CCB35DEFB36 /* StudyRevealedCardView.swift */,
				F7FDC3F2AB5601574ACCEED0 /* LanguageSelectionView.swift */,
				451A6F929AD5C20B592589F0 /* OnboardingPlanView.swift */,
				7D029A7EA24A4D19ACF579EB /* KeyboardSetupSplashView.swift */,
				93834FA2F33A8EBFE4B053E5 /* CityModel.swift */,
				70676833227F3272CB102236 /* Config.swift */,
				F10B7D83A76412AF0CE97BB3 /* TTSService.swift */,
				F615F7271A5D10592C66CDCC /* FlirtyContextSheet.swift */,
				8FC723A32F4D1936AE809E74 /* OnboardingLocationView.swift */,
				DC65C434C4B19B941C69BC70 /* LibraryView.swift */,
				C4FA7A587F0CCC98AE5D5CC6 /* DeckStore.swift */,
				2111A26039606CBFB2DC5F96 /* SharedPhraseStore.swift */,
				13721C7308918D79F62CB559 /* KitView.swift */,
				51220AA1E01BAC95E7A6DE13 /* AppleSignInHelper.swift */,
				471F186ED6F55E5C3B83ED96 /* CommunityView.swift */,
				B6645235449EC772517A19CF /* OnboardingPaywallView.swift */,
				66950B49E530F7E461383FB4 /* DeckGenerationService.swift */,
				6B7DDD7DACC2B26628632458 /* StudySourceWordView.swift */,
				9C8D915ECE4E6C56FC9D2349 /* OnboardingGoalsView.swift */,
				6208DE9355A180B87E6E9655 /* MyDecksView.swift */,
				3E4CDAE7CCAE5AB261FA919A /* DeckPhraseListView.swift */,
				3C9C1B33D0F41361EBB664B4 /* OnboardingView.swift */,
				B06F69CBF0E7D5F064F666BC /* UserLocationsStore.swift */,
			);
			path = TranslateHelper;
			sourceTree = "<group>";
		};
		006F769C2F54C7FA00D581A9 /* Frameworks */ = {
			isa = PBXGroup;
			children = (
			);
			name = Frameworks;
			sourceTree = "<group>";
		};
/* End PBXGroup section */

/* Begin PBXNativeTarget section */
		003133442F3DE56A00F7A418 /* TranslateHelper */ = {
			isa = PBXNativeTarget;
			buildConfigurationList = 003133582F3DE56B00F7A418 /* Build configuration list for PBXNativeTarget "TranslateHelper" */;
			buildPhases = (
				003133412F3DE56A00F7A418 /* Sources */,
				003133422F3DE56A00F7A418 /* Frameworks */,
				003133432F3DE56A00F7A418 /* Resources */,
				006F75F22F547E3500D581A9 /* Embed Foundation Extensions */,
			);
			buildRules = (
			);
			dependencies = (
				006F75EC2F547E3500D581A9 /* PBXTargetDependency */,
			);
			fileSystemSynchronizedGroups = (
				003133472F3DE56A00F7A418 /* TranslateHelper */,
			);
			name = TranslateHelper;
			packageProductDependencies = (
				006F75122F547CA800D581A9 /* FirebaseAuth */,
				006F75142F547CA800D581A9 /* FirebaseFirestore */,
				006F769D2F54C7FA00D581A9 /* GoogleSignIn */,
			);
			productName = TranslateHelper;
			productReference = 003133452F3DE56A00F7A418 /* TranslateHelper.app */;
			productType = "com.apple.product-type.application";
		};
		006F75E52F547E3500D581A9 /* TranslateHelperKeyboard */ = {
			isa = PBXNativeTarget;
			buildConfigurationList = 006F75EE2F547E3500D581A9 /* Build configuration list for PBXNativeTarget "TranslateHelperKeyboard" */;
			buildPhases = (
				006F75E22F547E3500D581A9 /* Sources */,
				006F75E32F547E3500D581A9 /* Frameworks */,
				006F75E42F547E3500D581A9 /* Resources */,
			);
			buildRules = (
			);
			dependencies = (
			);
			fileSystemSynchronizedGroups = (
				006F75E72F547E3500D581A9 /* TranslateHelperKeyboard */,
			);
			name = TranslateHelperKeyboard;
			productName = TranslateHelperKeyboard;
			productReference = 006F75E62F547E3500D581A9 /* TranslateHelperKeyboard.appex */;
			productType = "com.apple.product-type.app-extension";
		};
/* End PBXNativeTarget section */

/* Begin PBXProject section */
		0031333D2F3DE56A00F7A418 /* Project object */ = {
			isa = PBXProject;
			attributes = {
				BuildIndependentTargetsInParallel = 1;
				LastSwiftUpdateCheck = 2630;
				LastUpgradeCheck = 2620;
				TargetAttributes = {
					003133442F3DE56A00F7A418 = {
						CreatedOnToolsVersion = 26.2;
					};
					006F75E52F547E3500D581A9 = {
						CreatedOnToolsVersion = 26.3;
					};
				};
			};
			buildConfigurationList = 003133402F3DE56A00F7A418 /* Build configuration list for PBXProject "TalkSwitch" */;
			developmentRegion = en;
			hasScannedForEncodings = 0;
			knownRegions = (
				en,
				Base,
				ar,
				"es-419",
			);
			mainGroup = 0031333C2F3DE56A00F7A418;
			minimizedProjectReferenceProxies = 1;
			packageReferences = (
				006F75112F547CA800D581A9 /* XCRemoteSwiftPackageReference "firebase-ios-sdk" */,
				006F76952F54898800D581A9 /* XCRemoteSwiftPackageReference "GoogleSignIn-iOS" */,
			);
			preferredProjectObjectVersion = 77;
			productRefGroup = 003133462F3DE56A00F7A418 /* Products */;
			projectDirPath = "";
			projectRoot = "";
			targets = (
				003133442F3DE56A00F7A418 /* TranslateHelper */,
				006F75E52F547E3500D581A9 /* TranslateHelperKeyboard */,
			);
		};
/* End PBXProject section */

/* Begin PBXResourcesBuildPhase section */
		003133432F3DE56A00F7A418 /* Resources */ = {
			isa = PBXResourcesBuildPhase;
			buildActionMask = 2147483647;
			files = (
				006F756D2F547D5B00D581A9 /* GoogleService-Info.plist in Resources */,
				006F756E2F547D5B00D581A9 /* LaunchScreen.storyboard in Resources */,
				006F756F2F547D5B00D581A9 /* Main.storyboard in Resources */,
				006F75712F547D5B00D581A9 /* Assets.xcassets in Resources */,
				006F75D32F547D9C00D581A9 /* LaunchScreen.storyboard in Resources */,
				006F75D42F547D9C00D581A9 /* Main.storyboard in Resources */,
				006F75D52F547D9C00D581A9 /* Assets.xcassets in Resources */,
				006F75D62F547D9C00D581A9 /* GoogleService-Info.plist in Resources */,
				006F75292F547D2200D581A9 /* LaunchScreen.storyboard in Resources */,
				006F752A2F547D2200D581A9 /* Main.storyboard in Resources */,
				006F752B2F547D2200D581A9 /* GoogleService-Info.plist in Resources */,
				006F752D2F547D2200D581A9 /* Assets.xcassets in Resources */,
				006F754C2F547D4A00D581A9 /* LaunchScreen.storyboard in Resources */,
				006F754D2F547D4A00D581A9 /* Main.storyboard in Resources */,
				006F758F2F547D7300D581A9 /* GoogleService-Info.plist in Resources */,
				006F75902F547D7300D581A9 /* Main.storyboard in Resources */,
				006F75912F547D7300D581A9 /* Assets.xcassets in Resources */,
				006F75932F547D7300D581A9 /* LaunchScreen.storyboard in Resources */,
				006F754E2F547D4A00D581A9 /* GoogleService-Info.plist in Resources */,
				006F75B12F547D8800D581A9 /* GoogleService-Info.plist in Resources */,
				006F75B32F547D8800D581A9 /* Assets.xcassets in Resources */,
				006F75B42F547D8800D581A9 /* LaunchScreen.storyboard in Resources */,
				006F75B52F547D8800D581A9 /* Main.storyboard in Resources */,
				006F754F2F547D4A00D581A9 /* Assets.xcassets in Resources */,
				D679EC47DAD2AFB2E72A22F4 /* Localizable.xcstrings in Resources */,
			);
			runOnlyForDeploymentPostprocessing = 0;
		};
		006F75E42F547E3500D581A9 /* Resources */ = {
			isa = PBXResourcesBuildPhase;
			buildActionMask = 2147483647;
			files = (
			);
			runOnlyForDeploymentPostprocessing = 0;
		};
/* End PBXResourcesBuildPhase section */

/* Begin PBXSourcesBuildPhase section */
		003133412F3DE56A00F7A418 /* Sources */ = {
			isa = PBXSourcesBuildPhase;
			buildActionMask = 2147483647;
			files = (
				006F75B62F547D8800D581A9 /* ViewController.swift in Sources */,
				006F75B72F547D8800D581A9 /* CreateAccountView.swift in Sources */,
				006F75B82F547D8800D581A9 /* AppDelegate.swift in Sources */,
				006F75B92F547D8800D581A9 /* RootView.swift in Sources */,
				006F75BA2F547D8800D581A9 /* DictateViewController.swift in Sources */,
				006F75BB2F547D8800D581A9 /* AuthManager.swift in Sources */,
				006F75BC2F547D8800D581A9 /* ForgotPasswordView.swift in Sources */,
				006F75BD2F547D8800D581A9 /* SignInView.swift in Sources */,
				006F75BE2F547D8800D581A9 /* DesignSystem.swift in Sources */,
				006F75BF2F547D8800D581A9 /* SceneDelegate.swift in Sources */,
				006F752E2F547D2200D581A9 /* CreateAccountView.swift in Sources */,
				006F752F2F547D2200D581A9 /* RootView.swift in Sources */,
				006F75302F547D2200D581A9 /* AppDelegate.swift in Sources */,
				006F75312F547D2200D581A9 /* DesignSystem.swift in Sources */,
				006F75322F547D2200D581A9 /* ForgotPasswordView.swift in Sources */,
				006F75332F547D2200D581A9 /* ViewController.swift in Sources */,
				006F75342F547D2200D581A9 /* DictateViewController.swift in Sources */,
				006F75352F547D2200D581A9 /* SignInView.swift in Sources */,
				006F75362F547D2200D581A9 /* SceneDelegate.swift in Sources */,
				006F75372F547D2200D581A9 /* AuthManager.swift in Sources */,
				006F75D82F547D9C00D581A9 /* DictateViewController.swift in Sources */,
				006F75D92F547D9C00D581A9 /* ForgotPasswordView.swift in Sources */,
				006F75DA2F547D9C00D581A9 /* RootView.swift in Sources */,
				006F75DB2F547D9C00D581A9 /* DesignSystem.swift in Sources */,
				006F75DC2F547D9C00D581A9 /* AppDelegate.swift in Sources */,
				006F75DD2F547D9C00D581A9 /* AuthManager.swift in Sources */,
				006F75DE2F547D9C00D581A9 /* SignInView.swift in Sources */,
				006F75DF2F547D9C00D581A9 /* ViewController.swift in Sources */,
				006F75E02F547D9C00D581A9 /* SceneDelegate.swift in Sources */,
				006F75E12F547D9C00D581A9 /* CreateAccountView.swift in Sources */,
				006F75502F547D4A00D581A9 /* DictateViewController.swift in Sources */,
				006F75512F547D4A00D581A9 /* SceneDelegate.swift in Sources */,
				006F75522F547D4A00D581A9 /* ViewController.swift in Sources */,
				006F75722F547D5B00D581A9 /* SignInView.swift in Sources */,
				006F75732F547D5B00D581A9 /* SceneDelegate.swift in Sources */,
				006F75742F547D5B00D581A9 /* ForgotPasswordView.swift in Sources */,
				006F75752F547D5B00D581A9 /* AppDelegate.swift in Sources */,
				006F75762F547D5B00D581A9 /* DictateViewController.swift in Sources */,
				006F75772F547D5B00D581A9 /* CreateAccountView.swift in Sources */,
				006F75782F547D5B00D581A9 /* RootView.swift in Sources */,
				006F75792F547D5B00D581A9 /* AuthManager.swift in Sources */,
				006F757A2F547D5B00D581A9 /* ViewController.swift in Sources */,
				006F757B2F547D5B00D581A9 /* DesignSystem.swift in Sources */,
				006F75532F547D4A00D581A9 /* DesignSystem.swift in Sources */,
				006F75542F547D4A00D581A9 /* ForgotPasswordView.swift in Sources */,
				006F75552F547D4A00D581A9 /* SignInView.swift in Sources */,
				006F75562F547D4A00D581A9 /* AppDelegate.swift in Sources */,
				006F75572F547D4A00D581A9 /* RootView.swift in Sources */,
				006F75582F547D4A00D581A9 /* AuthManager.swift in Sources */,
				006F75592F547D4A00D581A9 /* CreateAccountView.swift in Sources */,
				006F75942F547D7300D581A9 /* DesignSystem.swift in Sources */,
				006F75952F547D7300D581A9 /* SignInView.swift in Sources */,
				006F75962F547D7300D581A9 /* AppDelegate.swift in Sources */,
				006F75972F547D7300D581A9 /* ViewController.swift in Sources */,
				006F75982F547D7300D581A9 /* AuthManager.swift in Sources */,
				006F75992F547D7300D581A9 /* ForgotPasswordView.swift in Sources */,
				006F759A2F547D7300D581A9 /* DictateViewController.swift in Sources */,
				006F759B2F547D7300D581A9 /* CreateAccountView.swift in Sources */,
				006F759C2F547D7300D581A9 /* RootView.swift in Sources */,
				006F759D2F547D7300D581A9 /* SceneDelegate.swift in Sources */,
				A6728A9D362581C24272B7DA /* SettingsView.swift in Sources */,
				D050ECE5BD70709FDA4FC04B /* MainTabView.swift in Sources */,
				E01C8B061F276D5BB380A4EA /* KeyboardSetupBanner.swift in Sources */,
				E7BD1C7662AC01491CCB250C /* QuickAddSheet.swift in Sources */,
				F5AC187F5E0308639395913A /* AddCardSheet.swift in Sources */,
				373143C18345D2C26681476B /* StudyOptionsCard.swift in Sources */,
				32748F58ACC1D068146338FF /* StudyRevealedCardView.swift in Sources */,
				DDA054E5703065AF5B8A6955 /* LanguageSelectionView.swift in Sources */,
				6252250843EA34A8DDFDE489 /* OnboardingPlanView.swift in Sources */,
				E6D877506BBB3C631FA7EB5F /* KeyboardSetupSplashView.swift in Sources */,
				0A536490DFE056A5AA52FE9C /* CityModel.swift in Sources */,
				5E42D4212BC7916E47FD047B /* Config.swift in Sources */,
				0E128240CECCCB88C69D578E /* TTSService.swift in Sources */,
				BD7EC3254FC66D6CC12F9959 /* FlirtyContextSheet.swift in Sources */,
				EC4C549C2C7410850E1D2676 /* OnboardingLocationView.swift in Sources */,
				A85E2EB0B0B1EEC19CA3BB45 /* LibraryView.swift in Sources */,
				B05FCF32D6D0A7308763F680 /* DeckStore.swift in Sources */,
				3FDE143AC4601CE3AC8B15E2 /* SharedPhraseStore.swift in Sources */,
				F304AF071C9CE13B9BBD0257 /* KitView.swift in Sources */,
				DB91849C6A8449C2D08FBA65 /* AppleSignInHelper.swift in Sources */,
				9479CB32831558A74D7F8A51 /* CommunityView.swift in Sources */,
				B9AA423B388610BD520491E6 /* OnboardingPaywallView.swift in Sources */,
				9C10EEFBB37EC898AD006B2E /* DeckGenerationService.swift in Sources */,
				0851017EA7D569DB7B793183 /* StudySourceWordView.swift in Sources */,
				E4BC44C5F39E1F4577AF82AF /* OnboardingGoalsView.swift in Sources */,
				EDBC54D35ACD71EF429A4F78 /* MyDecksView.swift in Sources */,
				A7451A4F54ABC5417F084DE7 /* DeckPhraseListView.swift in Sources */,
				F84EE25FE5E411D5EE098FF6 /* OnboardingView.swift in Sources */,
				5C4EF48D41050AF96AE488B1 /* UserLocationsStore.swift in Sources */,
			);
			runOnlyForDeploymentPostprocessing = 0;
		};
		006F75E22F547E3500D581A9 /* Sources */ = {
			isa = PBXSourcesBuildPhase;
			buildActionMask = 2147483647;
			files = (
			);
			runOnlyForDeploymentPostprocessing = 0;
		};
/* End PBXSourcesBuildPhase section */

/* Begin PBXTargetDependency section */
		006F75EC2F547E3500D581A9 /* PBXTargetDependency */ = {
			isa = PBXTargetDependency;
			target = 006F75E52F547E3500D581A9 /* TranslateHelperKeyboard */;
			targetProxy = 006F75EB2F547E3500D581A9 /* PBXContainerItemProxy */;
		};
/* End PBXTargetDependency section */

/* Begin PBXVariantGroup section */
		006F75202F547D2200D581A9 /* LaunchScreen.storyboard */ = {
			isa = PBXVariantGroup;
			children = (
				006F751F2F547D2200D581A9 /* Base */,
			);
			name = LaunchScreen.storyboard;
			sourceTree = "<group>";
		};
		006F75222F547D2200D581A9 /* Main.storyboard */ = {
			isa = PBXVariantGroup;
			children = (
				006F75212F547D2200D581A9 /* Base */,
			);
			name = Main.storyboard;
			sourceTree = "<group>";
		};
		006F75422F547D4A00D581A9 /* LaunchScreen.storyboard */ = {
			isa = PBXVariantGroup;
			children = (
				006F75412F547D4A00D581A9 /* Base */,
			);
			name = LaunchScreen.storyboard;
			sourceTree = "<group>";
		};
		006F75442F547D4A00D581A9 /* Main.storyboard */ = {
			isa = PBXVariantGroup;
			children = (
				006F75432F547D4A00D581A9 /* Base */,
			);
			name = Main.storyboard;
			sourceTree = "<group>";
		};
		006F75642F547D5B00D581A9 /* LaunchScreen.storyboard */ = {
			isa = PBXVariantGroup;
			children = (
				006F75632F547D5B00D581A9 /* Base */,
			);
			name = LaunchScreen.storyboard;
			sourceTree = "<group>";
		};
		006F75662F547D5B00D581A9 /* Main.storyboard */ = {
			isa = PBXVariantGroup;
			children = (
				006F75652F547D5B00D581A9 /* Base */,
			);
			name = Main.storyboard;
			sourceTree = "<group>";
		};
		006F75862F547D7300D581A9 /* LaunchScreen.storyboard */ = {
			isa = PBXVariantGroup;
			children = (
				006F75852F547D7300D581A9 /* Base */,
			);
			name = LaunchScreen.storyboard;
			sourceTree = "<group>";
		};
		006F75882F547D7300D581A9 /* Main.storyboard */ = {
			isa = PBXVariantGroup;
			children = (
				006F75872F547D7300D581A9 /* Base */,
			);
			name = Main.storyboard;
			sourceTree = "<group>";
		};
		006F75A82F547D8800D581A9 /* LaunchScreen.storyboard */ = {
			isa = PBXVariantGroup;
			children = (
				006F75A72F547D8800D581A9 /* Base */,
			);
			name = LaunchScreen.storyboard;
			sourceTree = "<group>";
		};
		006F75AA2F547D8800D581A9 /* Main.storyboard */ = {
			isa = PBXVariantGroup;
			children = (
				006F75A92F547D8800D581A9 /* Base */,
			);
			name = Main.storyboard;
			sourceTree = "<group>";
		};
		006F75CA2F547D9C00D581A9 /* LaunchScreen.storyboard */ = {
			isa = PBXVariantGroup;
			children = (
				006F75C92F547D9C00D581A9 /* Base */,
			);
			name = LaunchScreen.storyboard;
			sourceTree = "<group>";
		};
		006F75CC2F547D9C00D581A9 /* Main.storyboard */ = {
			isa = PBXVariantGroup;
			children = (
				006F75CB2F547D9C00D581A9 /* Base */,
			);
			name = Main.storyboard;
			sourceTree = "<group>";
		};
/* End PBXVariantGroup section */

/* Begin XCBuildConfiguration section */
		003133592F3DE56B00F7A418 /* Debug */ = {
			isa = XCBuildConfiguration;
			buildSettings = {
				ASSETCATALOG_COMPILER_APPICON_NAME = AppIcon;
				ASSETCATALOG_COMPILER_GLOBAL_ACCENT_COLOR_NAME = AccentColor;
				CODE_SIGN_ENTITLEMENTS = TranslateHelper/TranslateHelper.entitlements;
				CODE_SIGN_STYLE = Automatic;
				CURRENT_PROJECT_VERSION = 1;
				DEVELOPMENT_TEAM = RRPLC27C5P;
				GENERATE_INFOPLIST_FILE = YES;
				INFOPLIST_FILE = TranslateHelper/Info.plist;
				INFOPLIST_KEY_UIApplicationSupportsIndirectInputEvents = YES;
				INFOPLIST_KEY_UILaunchStoryboardName = LaunchScreen;
				INFOPLIST_KEY_UIMainStoryboardFile = Main;
				INFOPLIST_KEY_UISupportedInterfaceOrientations_iPad = "UIInterfaceOrientationPortrait UIInterfaceOrientationPortraitUpsideDown UIInterfaceOrientationLandscapeLeft UIInterfaceOrientationLandscapeRight";
				INFOPLIST_KEY_UISupportedInterfaceOrientations_iPhone = "UIInterfaceOrientationPortrait UIInterfaceOrientationLandscapeLeft UIInterfaceOrientationLandscapeRight";
				LD_RUNPATH_SEARCH_PATHS = (
					"$(inherited)",
					"@executable_path/Frameworks",
				);
				MARKETING_VERSION = 1.0;
				PRODUCT_BUNDLE_IDENTIFIER = com.jeffrey.TranslateHelper;
				PRODUCT_NAME = "$(TARGET_NAME)";
				STRING_CATALOG_GENERATE_SYMBOLS = YES;
				SWIFT_APPROACHABLE_CONCURRENCY = YES;
				SWIFT_DEFAULT_ACTOR_ISOLATION = MainActor;
				SWIFT_EMIT_LOC_STRINGS = YES;
				SWIFT_UPCOMING_FEATURE_MEMBER_IMPORT_VISIBILITY = YES;
				SWIFT_VERSION = 5.0;
				TARGETED_DEVICE_FAMILY = "1,2";
				USE_COMPILER_TO_EXTRACT_SWIFT_STRINGS = YES;
			};
			name = Debug;
		};
		0031335A2F3DE56B00F7A418 /* Release */ = {
			isa = XCBuildConfiguration;
			buildSettings = {
				ASSETCATALOG_COMPILER_APPICON_NAME = AppIcon;
				ASSETCATALOG_COMPILER_GLOBAL_ACCENT_COLOR_NAME = AccentColor;
				CODE_SIGN_ENTITLEMENTS = TranslateHelper/TranslateHelper.entitlements;
				CODE_SIGN_STYLE = Automatic;
				CURRENT_PROJECT_VERSION = 1;
				DEVELOPMENT_TEAM = RRPLC27C5P;
				GENERATE_INFOPLIST_FILE = YES;
				INFOPLIST_FILE = TranslateHelper/Info.plist;
				INFOPLIST_KEY_UIApplicationSupportsIndirectInputEvents = YES;
				INFOPLIST_KEY_UILaunchStoryboardName = LaunchScreen;
				INFOPLIST_KEY_UIMainStoryboardFile = Main;
				INFOPLIST_KEY_UISupportedInterfaceOrientations_iPad = "UIInterfaceOrientationPortrait UIInterfaceOrientationPortraitUpsideDown UIInterfaceOrientationLandscapeLeft UIInterfaceOrientationLandscapeRight";
				INFOPLIST_KEY_UISupportedInterfaceOrientations_iPhone = "UIInterfaceOrientationPortrait UIInterfaceOrientationLandscapeLeft UIInterfaceOrientationLandscapeRight";
				LD_RUNPATH_SEARCH_PATHS = (
					"$(inherited)",
					"@executable_path/Frameworks",
				);
				MARKETING_VERSION = 1.0;
				PRODUCT_BUNDLE_IDENTIFIER = com.jeffrey.TranslateHelper;
				PRODUCT_NAME = "$(TARGET_NAME)";
				STRING_CATALOG_GENERATE_SYMBOLS = YES;
				SWIFT_APPROACHABLE_CONCURRENCY = YES;
				SWIFT_DEFAULT_ACTOR_ISOLATION = MainActor;
				SWIFT_EMIT_LOC_STRINGS = YES;
				SWIFT_UPCOMING_FEATURE_MEMBER_IMPORT_VISIBILITY = YES;
				SWIFT_VERSION = 5.0;
				TARGETED_DEVICE_FAMILY = "1,2";
				USE_COMPILER_TO_EXTRACT_SWIFT_STRINGS = YES;
			};
			name = Release;
		};
		0031335B2F3DE56B00F7A418 /* Debug */ = {
			isa = XCBuildConfiguration;
			buildSettings = {
				ALWAYS_SEARCH_USER_PATHS = NO;
				ASSETCATALOG_COMPILER_GENERATE_SWIFT_ASSET_SYMBOL_EXTENSIONS = YES;
				CLANG_ANALYZER_NONNULL = YES;
				CLANG_ANALYZER_NUMBER_OBJECT_CONVERSION = YES_AGGRESSIVE;
				CLANG_CXX_LANGUAGE_STANDARD = "gnu++20";
				CLANG_ENABLE_MODULES = YES;
				CLANG_ENABLE_OBJC_ARC = YES;
				CLANG_ENABLE_OBJC_WEAK = YES;
				CLANG_WARN_BLOCK_CAPTURE_AUTORELEASING = YES;
				CLANG_WARN_BOOL_CONVERSION = YES;
				CLANG_WARN_COMMA = YES;
				CLANG_WARN_CONSTANT_CONVERSION = YES;
				CLANG_WARN_DEPRECATED_OBJC_IMPLEMENTATIONS = YES;
				CLANG_WARN_DIRECT_OBJC_ISA_USAGE = YES_ERROR;
				CLANG_WARN_DOCUMENTATION_COMMENTS = YES;
				CLANG_WARN_EMPTY_BODY = YES;
				CLANG_WARN_ENUM_CONVERSION = YES;
				CLANG_WARN_INFINITE_RECURSION = YES;
				CLANG_WARN_INT_CONVERSION = YES;
				CLANG_WARN_NON_LITERAL_NULL_CONVERSION = YES;
				CLANG_WARN_OBJC_IMPLICIT_RETAIN_SELF = YES;
				CLANG_WARN_OBJC_LITERAL_CONVERSION = YES;
				CLANG_WARN_OBJC_ROOT_CLASS = YES_ERROR;
				CLANG_WARN_QUOTED_INCLUDE_IN_FRAMEWORK_HEADER = YES;
				CLANG_WARN_RANGE_LOOP_ANALYSIS = YES;
				CLANG_WARN_STRICT_PROTOTYPES = YES;
				CLANG_WARN_SUSPICIOUS_MOVE = YES;
				CLANG_WARN_UNGUARDED_AVAILABILITY = YES_AGGRESSIVE;
				CLANG_WARN_UNREACHABLE_CODE = YES;
				CLANG_WARN__DUPLICATE_METHOD_MATCH = YES;
				COPY_PHASE_STRIP = NO;
				DEBUG_INFORMATION_FORMAT = dwarf;
				ENABLE_STRICT_OBJC_MSGSEND = YES;
				ENABLE_TESTABILITY = YES;
				ENABLE_USER_SCRIPT_SANDBOXING = YES;
				GCC_C_LANGUAGE_STANDARD = gnu17;
				GCC_DYNAMIC_NO_PIC = NO;
				GCC_NO_COMMON_BLOCKS = YES;
				GCC_OPTIMIZATION_LEVEL = 0;
				GCC_PREPROCESSOR_DEFINITIONS = (
					"DEBUG=1",
					"$(inherited)",
				);
				GCC_WARN_64_TO_32_BIT_CONVERSION = YES;
				GCC_WARN_ABOUT_RETURN_TYPE = YES_ERROR;
				GCC_WARN_UNDECLARED_SELECTOR = YES;
				GCC_WARN_UNINITIALIZED_AUTOS = YES_AGGRESSIVE;
				GCC_WARN_UNUSED_FUNCTION = YES;
				GCC_WARN_UNUSED_VARIABLE = YES;
				IPHONEOS_DEPLOYMENT_TARGET = 26.2;
				LOCALIZATION_PREFERS_STRING_CATALOGS = YES;
				MTL_ENABLE_DEBUG_INFO = INCLUDE_SOURCE;
				MTL_FAST_MATH = YES;
				ONLY_ACTIVE_ARCH = YES;
				SDKROOT = iphoneos;
				SWIFT_ACTIVE_COMPILATION_CONDITIONS = "DEBUG $(inherited)";
				SWIFT_OPTIMIZATION_LEVEL = "-Onone";
			};
			name = Debug;
		};
		0031335C2F3DE56B00F7A418 /* Release */ = {
			isa = XCBuildConfiguration;
			buildSettings = {
				ALWAYS_SEARCH_USER_PATHS = NO;
				ASSETCATALOG_COMPILER_GENERATE_SWIFT_ASSET_SYMBOL_EXTENSIONS = YES;
				CLANG_ANALYZER_NONNULL = YES;
				CLANG_ANALYZER_NUMBER_OBJECT_CONVERSION = YES_AGGRESSIVE;
				CLANG_CXX_LANGUAGE_STANDARD = "gnu++20";
				CLANG_ENABLE_MODULES = YES;
				CLANG_ENABLE_OBJC_ARC = YES;
				CLANG_ENABLE_OBJC_WEAK = YES;
				CLANG_WARN_BLOCK_CAPTURE_AUTORELEASING = YES;
				CLANG_WARN_BOOL_CONVERSION = YES;
				CLANG_WARN_COMMA = YES;
				CLANG_WARN_CONSTANT_CONVERSION = YES;
				CLANG_WARN_DEPRECATED_OBJC_IMPLEMENTATIONS = YES;
				CLANG_WARN_DIRECT_OBJC_ISA_USAGE = YES_ERROR;
				CLANG_WARN_DOCUMENTATION_COMMENTS = YES;
				CLANG_WARN_EMPTY_BODY = YES;
				CLANG_WARN_ENUM_CONVERSION = YES;
				CLANG_WARN_INFINITE_RECURSION = YES;
				CLANG_WARN_INT_CONVERSION = YES;
				CLANG_WARN_NON_LITERAL_NULL_CONVERSION = YES;
				CLANG_WARN_OBJC_IMPLICIT_RETAIN_SELF = YES;
				CLANG_WARN_OBJC_LITERAL_CONVERSION = YES;
				CLANG_WARN_OBJC_ROOT_CLASS = YES_ERROR;
				CLANG_WARN_QUOTED_INCLUDE_IN_FRAMEWORK_HEADER = YES;
				CLANG_WARN_RANGE_LOOP_ANALYSIS = YES;
				CLANG_WARN_STRICT_PROTOTYPES = YES;
				CLANG_WARN_SUSPICIOUS_MOVE = YES;
				CLANG_WARN_UNGUARDED_AVAILABILITY = YES_AGGRESSIVE;
				CLANG_WARN_UNREACHABLE_CODE = YES;
				CLANG_WARN__DUPLICATE_METHOD_MATCH = YES;
				COPY_PHASE_STRIP = NO;
				DEBUG_INFORMATION_FORMAT = "dwarf-with-dsym";
				ENABLE_NS_ASSERTIONS = NO;
				ENABLE_STRICT_OBJC_MSGSEND = YES;
				ENABLE_USER_SCRIPT_SANDBOXING = YES;
				GCC_C_LANGUAGE_STANDARD = gnu17;
				GCC_NO_COMMON_BLOCKS = YES;
				GCC_WARN_64_TO_32_BIT_CONVERSION = YES;
				GCC_WARN_ABOUT_RETURN_TYPE = YES_ERROR;
				GCC_WARN_UNDECLARED_SELECTOR = YES;
				GCC_WARN_UNINITIALIZED_AUTOS = YES_AGGRESSIVE;
				GCC_WARN_UNUSED_FUNCTION = YES;
				GCC_WARN_UNUSED_VARIABLE = YES;
				IPHONEOS_DEPLOYMENT_TARGET = 26.2;
				LOCALIZATION_PREFERS_STRING_CATALOGS = YES;
				MTL_ENABLE_DEBUG_INFO = NO;
				MTL_FAST_MATH = YES;
				SDKROOT = iphoneos;
				SWIFT_COMPILATION_MODE = wholemodule;
				VALIDATE_PRODUCT = YES;
			};
			name = Release;
		};
		006F75EF2F547E3500D581A9 /* Debug */ = {
			isa = XCBuildConfiguration;
			buildSettings = {
				CODE_SIGN_ENTITLEMENTS = TranslateHelperKeyboard/TranslateHelperKeyboard.entitlements;
				CODE_SIGN_STYLE = Automatic;
				CURRENT_PROJECT_VERSION = 1;
				DEVELOPMENT_TEAM = RRPLC27C5P;
				GENERATE_INFOPLIST_FILE = YES;
				INFOPLIST_FILE = TranslateHelperKeyboard/Info.plist;
				INFOPLIST_KEY_CFBundleDisplayName = TranslateHelperKeyboard;
				INFOPLIST_KEY_NSHumanReadableCopyright = "";
				LD_RUNPATH_SEARCH_PATHS = (
					"$(inherited)",
					"@executable_path/Frameworks",
					"@executable_path/../../Frameworks",
				);
				MARKETING_VERSION = 1.0;
				PRODUCT_BUNDLE_IDENTIFIER = com.jeffrey.TranslateHelper.Keyboard;
				PRODUCT_NAME = "$(TARGET_NAME)";
				SKIP_INSTALL = YES;
				STRING_CATALOG_GENERATE_SYMBOLS = YES;
				SWIFT_APPROACHABLE_CONCURRENCY = YES;
				SWIFT_EMIT_LOC_STRINGS = YES;
				SWIFT_UPCOMING_FEATURE_MEMBER_IMPORT_VISIBILITY = YES;
				SWIFT_VERSION = 5.0;
				TARGETED_DEVICE_FAMILY = "1,2";
			};
			name = Debug;
		};
		006F75F02F547E3500D581A9 /* Release */ = {
			isa = XCBuildConfiguration;
			buildSettings = {
				CODE_SIGN_ENTITLEMENTS = TranslateHelperKeyboard/TranslateHelperKeyboard.entitlements;
				CODE_SIGN_STYLE = Automatic;
				CURRENT_PROJECT_VERSION = 1;
				DEVELOPMENT_TEAM = RRPLC27C5P;
				GENERATE_INFOPLIST_FILE = YES;
				INFOPLIST_FILE = TranslateHelperKeyboard/Info.plist;
				INFOPLIST_KEY_CFBundleDisplayName = TranslateHelperKeyboard;
				INFOPLIST_KEY_NSHumanReadableCopyright = "";
				LD_RUNPATH_SEARCH_PATHS = (
					"$(inherited)",
					"@executable_path/Frameworks",
					"@executable_path/../../Frameworks",
				);
				MARKETING_VERSION = 1.0;
				PRODUCT_BUNDLE_IDENTIFIER = com.jeffrey.TranslateHelper.Keyboard;
				PRODUCT_NAME = "$(TARGET_NAME)";
				SKIP_INSTALL = YES;
				STRING_CATALOG_GENERATE_SYMBOLS = YES;
				SWIFT_APPROACHABLE_CONCURRENCY = YES;
				SWIFT_EMIT_LOC_STRINGS = YES;
				SWIFT_UPCOMING_FEATURE_MEMBER_IMPORT_VISIBILITY = YES;
				SWIFT_VERSION = 5.0;
				TARGETED_DEVICE_FAMILY = "1,2";
			};
			name = Release;
		};
/* End XCBuildConfiguration section */

/* Begin XCConfigurationList section */
		003133402F3DE56A00F7A418 /* Build configuration list for PBXProject "TalkSwitch" */ = {
			isa = XCConfigurationList;
			buildConfigurations = (
				0031335B2F3DE56B00F7A418 /* Debug */,
				0031335C2F3DE56B00F7A418 /* Release */,
			);
			defaultConfigurationIsVisible = 0;
			defaultConfigurationName = Release;
		};
		003133582F3DE56B00F7A418 /* Build configuration list for PBXNativeTarget "TranslateHelper" */ = {
			isa = XCConfigurationList;
			buildConfigurations = (
				003133592F3DE56B00F7A418 /* Debug */,
				0031335A2F3DE56B00F7A418 /* Release */,
			);
			defaultConfigurationIsVisible = 0;
			defaultConfigurationName = Release;
		};
		006F75EE2F547E3500D581A9 /* Build configuration list for PBXNativeTarget "TranslateHelperKeyboard" */ = {
			isa = XCConfigurationList;
			buildConfigurations = (
				006F75EF2F547E3500D581A9 /* Debug */,
				006F75F02F547E3500D581A9 /* Release */,
			);
			defaultConfigurationIsVisible = 0;
			defaultConfigurationName = Release;
		};
/* End XCConfigurationList section */

/* Begin XCRemoteSwiftPackageReference section */
		006F75112F547CA800D581A9 /* XCRemoteSwiftPackageReference "firebase-ios-sdk" */ = {
			isa = XCRemoteSwiftPackageReference;
			repositoryURL = "https://github.com/firebase/firebase-ios-sdk";
			requirement = {
				kind = upToNextMajorVersion;
				minimumVersion = 12.10.0;
			};
		};
		006F76952F54898800D581A9 /* XCRemoteSwiftPackageReference "GoogleSignIn-iOS" */ = {
			isa = XCRemoteSwiftPackageReference;
			repositoryURL = "https://github.com/google/GoogleSignIn-iOS";
			requirement = {
				kind = upToNextMajorVersion;
				minimumVersion = 9.1.0;
			};
		};
/* End XCRemoteSwiftPackageReference section */

/* Begin XCSwiftPackageProductDependency section */
		006F75122F547CA800D581A9 /* FirebaseAuth */ = {
			isa = XCSwiftPackageProductDependency;
			package = 006F75112F547CA800D581A9 /* XCRemoteSwiftPackageReference "firebase-ios-sdk" */;
			productName = FirebaseAuth;
		};
		006F75142F547CA800D581A9 /* FirebaseFirestore */ = {
			isa = XCSwiftPackageProductDependency;
			package = 006F75112F547CA800D581A9 /* XCRemoteSwiftPackageReference "firebase-ios-sdk" */;
			productName = FirebaseFirestore;
		};
		006F769D2F54C7FA00D581A9 /* GoogleSignIn */ = {
			isa = XCSwiftPackageProductDependency;
			package = 006F76952F54898800D581A9 /* XCRemoteSwiftPackageReference "GoogleSignIn-iOS" */;
			productName = GoogleSignIn;
		};
/* End XCSwiftPackageProductDependency section */
	};
	rootObject = 0031333D2F3DE56A00F7A418 /* Project object */;
}
