PODS:
  - Alamofire (5.11.1)
  - SwiftyJSON (5.0.2)

DEPENDENCIES:
  - Alamofire (~> 5.9)
  - SwiftyJSON (~> 5.0)

SPEC REPOS:
  trunk:
    - Alamofire
    - SwiftyJSON

SPEC CHECKSUMS:
  Alamofire: eec6cd8f73b242b59e34153a606a909eb9864b14
  SwiftyJSON: f5b1bf1cd8dd53cd25887ac0eabcfd92301c6a5a

PODFILE CHECKSUM: 4198fe81cb260ccc7b6c479352d53d08e0a0fd8d

COCOAPODS: 1.16.2
